// !$*UTF8*$!
{
	archiveVersion = 1;
	classes = {
	};
	objectVersion = 51;
	objects = {

/* Begin PBXBuildFile section */
		0123C0C924A2FC3C003F7DF9 /* MerchantsTableViewCell.m in Sources */ = {isa = PBXBuildFile; fileRef = 0123C0C724A2FC3C003F7DF9 /* MerchantsTableViewCell.m */; };
		0123C0CA24A2FC3C003F7DF9 /* MerchantsTableViewCell.xib in Resources */ = {isa = PBXBuildFile; fileRef = 0123C0C824A2FC3C003F7DF9 /* MerchantsTableViewCell.xib */; };
		0123C0DD24A5A07D003F7DF9 /* HomePageHeaderView.m in Sources */ = {isa = PBXBuildFile; fileRef = 0123C0DC24A5A07D003F7DF9 /* HomePageHeaderView.m */; };
		0123C0DF24A5A0B1003F7DF9 /* HomePageHeaderView.xib in Resources */ = {isa = PBXBuildFile; fileRef = 0123C0DE24A5A0B1003F7DF9 /* HomePageHeaderView.xib */; };
		0123C0E424A5BE02003F7DF9 /* MerchantHomePageController.m in Sources */ = {isa = PBXBuildFile; fileRef = 0123C0E224A5BE02003F7DF9 /* MerchantHomePageController.m */; };
		0123C0E524A5BE02003F7DF9 /* MerchantHomePageController.xib in Resources */ = {isa = PBXBuildFile; fileRef = 0123C0E324A5BE02003F7DF9 /* MerchantHomePageController.xib */; };
		0123C0E824A5D6AE003F7DF9 /* ShoppingCartView.m in Sources */ = {isa = PBXBuildFile; fileRef = 0123C0E724A5D6AE003F7DF9 /* ShoppingCartView.m */; };
		0123C0EA24A5D6BF003F7DF9 /* ShoppingCartView.xib in Resources */ = {isa = PBXBuildFile; fileRef = 0123C0E924A5D6BF003F7DF9 /* ShoppingCartView.xib */; };
		0123C0F224A5FB29003F7DF9 /* ShoppingCartListManager.m in Sources */ = {isa = PBXBuildFile; fileRef = 0123C0F024A5FB29003F7DF9 /* ShoppingCartListManager.m */; };
		0123C0F524A5FBBA003F7DF9 /* ShoppingCartListModel.m in Sources */ = {isa = PBXBuildFile; fileRef = 0123C0F424A5FBBA003F7DF9 /* ShoppingCartListModel.m */; };
		0123C0F924A5FD37003F7DF9 /* ShoppingCartGoodsCell.m in Sources */ = {isa = PBXBuildFile; fileRef = 0123C0F724A5FD37003F7DF9 /* ShoppingCartGoodsCell.m */; };
		0123C0FA24A5FD37003F7DF9 /* ShoppingCartGoodsCell.xib in Resources */ = {isa = PBXBuildFile; fileRef = 0123C0F824A5FD37003F7DF9 /* ShoppingCartGoodsCell.xib */; };
		015BEC41249A3299003F5833 /* MyAddressController.m in Sources */ = {isa = PBXBuildFile; fileRef = 015BEC3F249A3299003F5833 /* MyAddressController.m */; };
		015BEC42249A3299003F5833 /* MyAddressController.xib in Resources */ = {isa = PBXBuildFile; fileRef = 015BEC40249A3299003F5833 /* MyAddressController.xib */; };
		015BEC46249A3847003F5833 /* MyAddressCell.m in Sources */ = {isa = PBXBuildFile; fileRef = 015BEC44249A3847003F5833 /* MyAddressCell.m */; };
		015BEC47249A3847003F5833 /* MyAddressCell.xib in Resources */ = {isa = PBXBuildFile; fileRef = 015BEC45249A3847003F5833 /* MyAddressCell.xib */; };
		015BEC4D249AEF54003F5833 /* MyAddressModel.m in Sources */ = {isa = PBXBuildFile; fileRef = 015BEC4C249AEF54003F5833 /* MyAddressModel.m */; };
		0163176E249C3E020032EF44 /* AddNewAddressController.m in Sources */ = {isa = PBXBuildFile; fileRef = 0163176C249C3E020032EF44 /* AddNewAddressController.m */; };
		0163176F249C3E020032EF44 /* AddNewAddressController.xib in Resources */ = {isa = PBXBuildFile; fileRef = 0163176D249C3E020032EF44 /* AddNewAddressController.xib */; };
		01631774249C51850032EF44 /* FeedbackController.m in Sources */ = {isa = PBXBuildFile; fileRef = 01631772249C51850032EF44 /* FeedbackController.m */; };
		01631775249C51850032EF44 /* FeedbackController.xib in Resources */ = {isa = PBXBuildFile; fileRef = 01631773249C51850032EF44 /* FeedbackController.xib */; };
		0163177A249DAAB00032EF44 /* LoginController.m in Sources */ = {isa = PBXBuildFile; fileRef = 01631778249DAAB00032EF44 /* LoginController.m */; };
		0163177B249DAAB00032EF44 /* LoginController.xib in Resources */ = {isa = PBXBuildFile; fileRef = 01631779249DAAB00032EF44 /* LoginController.xib */; };
		01631780249DB37E0032EF44 /* RegistController.m in Sources */ = {isa = PBXBuildFile; fileRef = 0163177E249DB37E0032EF44 /* RegistController.m */; };
		01631781249DB37E0032EF44 /* RegistController.xib in Resources */ = {isa = PBXBuildFile; fileRef = 0163177F249DB37E0032EF44 /* RegistController.xib */; };
		016CF00B24A21DA500BD553A /* MineTableViewCell.m in Sources */ = {isa = PBXBuildFile; fileRef = 016CF00824A21DA500BD553A /* MineTableViewCell.m */; };
		016CF00C24A21DA500BD553A /* MineTableViewCell.xib in Resources */ = {isa = PBXBuildFile; fileRef = 016CF00924A21DA500BD553A /* MineTableViewCell.xib */; };
		016CF01124A21FAA00BD553A /* AccountSafetyController.m in Sources */ = {isa = PBXBuildFile; fileRef = 016CF00F24A21FAA00BD553A /* AccountSafetyController.m */; };
		016CF01224A21FAA00BD553A /* AccountSafetyController.xib in Resources */ = {isa = PBXBuildFile; fileRef = 016CF01024A21FAA00BD553A /* AccountSafetyController.xib */; };
		016CF01624A220DC00BD553A /* IdentifierVerifyController.m in Sources */ = {isa = PBXBuildFile; fileRef = 016CF01424A220DC00BD553A /* IdentifierVerifyController.m */; };
		016CF01724A220DC00BD553A /* IdentifierVerifyController.xib in Resources */ = {isa = PBXBuildFile; fileRef = 016CF01524A220DC00BD553A /* IdentifierVerifyController.xib */; };
		016CF01B24A2234000BD553A /* PhoneNumberChangeController.m in Sources */ = {isa = PBXBuildFile; fileRef = 016CF01924A2234000BD553A /* PhoneNumberChangeController.m */; };
		016CF01C24A2234000BD553A /* PhoneNumberChangeController.xib in Resources */ = {isa = PBXBuildFile; fileRef = 016CF01A24A2234000BD553A /* PhoneNumberChangeController.xib */; };
		016CF02124A22DE000BD553A /* InviteFriendController.m in Sources */ = {isa = PBXBuildFile; fileRef = 016CF01F24A22DE000BD553A /* InviteFriendController.m */; };
		016CF02224A22DE000BD553A /* InviteFriendController.xib in Resources */ = {isa = PBXBuildFile; fileRef = 016CF02024A22DE000BD553A /* InviteFriendController.xib */; };
		016CF02724A2334500BD553A /* MerchantsSettledController.m in Sources */ = {isa = PBXBuildFile; fileRef = 016CF02524A2334500BD553A /* MerchantsSettledController.m */; };
		016CF02824A2334500BD553A /* MerchantsSettledController.xib in Resources */ = {isa = PBXBuildFile; fileRef = 016CF02624A2334500BD553A /* MerchantsSettledController.xib */; };
		016CF03224A2558C00BD553A /* RidersSettledController.m in Sources */ = {isa = PBXBuildFile; fileRef = 016CF03024A2558C00BD553A /* RidersSettledController.m */; };
		016CF03324A2558C00BD553A /* RidersSettledController.xib in Resources */ = {isa = PBXBuildFile; fileRef = 016CF03124A2558C00BD553A /* RidersSettledController.xib */; };
		0193D8C2249919F4004A4263 /* Main.storyboard in Resources */ = {isa = PBXBuildFile; fileRef = 0193D8C0249919BB004A4263 /* Main.storyboard */; };
		0193D8CC24992E34004A4263 /* TabBarView.m in Sources */ = {isa = PBXBuildFile; fileRef = 0193D8C924992E33004A4263 /* TabBarView.m */; };
		0193D8CE2499D2D5004A4263 /* TabBarView.xib in Resources */ = {isa = PBXBuildFile; fileRef = 0193D8CD2499D2D5004A4263 /* TabBarView.xib */; };
		01C104CE24AA0DFE00708B34 /* MerchantLeftImageCell.m in Sources */ = {isa = PBXBuildFile; fileRef = 01C104CC24AA0DFE00708B34 /* MerchantLeftImageCell.m */; };
		01C104CF24AA0DFE00708B34 /* MerchantLeftImageCell.xib in Resources */ = {isa = PBXBuildFile; fileRef = 01C104CD24AA0DFE00708B34 /* MerchantLeftImageCell.xib */; };
		01C104D324AA0E1900708B34 /* MerchantRightImageCell.m in Sources */ = {isa = PBXBuildFile; fileRef = 01C104D124AA0E1900708B34 /* MerchantRightImageCell.m */; };
		01C104D424AA0E1900708B34 /* MerchantRightImageCell.xib in Resources */ = {isa = PBXBuildFile; fileRef = 01C104D224AA0E1900708B34 /* MerchantRightImageCell.xib */; };
		01C104D824AA1A0B00708B34 /* MerchantPromptMessageCell.m in Sources */ = {isa = PBXBuildFile; fileRef = 01C104D624AA1A0B00708B34 /* MerchantPromptMessageCell.m */; };
		01C104D924AA1A0B00708B34 /* MerchantPromptMessageCell.xib in Resources */ = {isa = PBXBuildFile; fileRef = 01C104D724AA1A0B00708B34 /* MerchantPromptMessageCell.xib */; };
		01C104DD24AA3D0D00708B34 /* MerchantGoodsListCell.m in Sources */ = {isa = PBXBuildFile; fileRef = 01C104DB24AA3D0D00708B34 /* MerchantGoodsListCell.m */; };
		01C104DE24AA3D0D00708B34 /* MerchantGoodsListCell.xib in Resources */ = {isa = PBXBuildFile; fileRef = 01C104DC24AA3D0D00708B34 /* MerchantGoodsListCell.xib */; };
		01C104E124AA43BB00708B34 /* MerchantSectionTitleHeaderView.m in Sources */ = {isa = PBXBuildFile; fileRef = 01C104E024AA43BB00708B34 /* MerchantSectionTitleHeaderView.m */; };
		01C104E324AA43CA00708B34 /* MerchantSectionTitleHeaderView.xib in Resources */ = {isa = PBXBuildFile; fileRef = 01C104E224AA43CA00708B34 /* MerchantSectionTitleHeaderView.xib */; };
		01C104E824AADE4300708B34 /* OrderSettlementController.m in Sources */ = {isa = PBXBuildFile; fileRef = 01C104E624AADE4300708B34 /* OrderSettlementController.m */; };
		01C104E924AADE4300708B34 /* OrderSettlementController.xib in Resources */ = {isa = PBXBuildFile; fileRef = 01C104E724AADE4300708B34 /* OrderSettlementController.xib */; };
		01C104ED24AAE4D300708B34 /* OrderAddressCell.m in Sources */ = {isa = PBXBuildFile; fileRef = 01C104EB24AAE4D300708B34 /* OrderAddressCell.m */; };
		01C104EE24AAE4D300708B34 /* OrderAddressCell.xib in Resources */ = {isa = PBXBuildFile; fileRef = 01C104EC24AAE4D300708B34 /* OrderAddressCell.xib */; };
		01C104F224AB25C100708B34 /* OrderShopCell.m in Sources */ = {isa = PBXBuildFile; fileRef = 01C104F024AB25C100708B34 /* OrderShopCell.m */; };
		01C104F324AB25C100708B34 /* OrderShopCell.xib in Resources */ = {isa = PBXBuildFile; fileRef = 01C104F124AB25C100708B34 /* OrderShopCell.xib */; };
		01C104F724AB288D00708B34 /* OrderGoodsCell.m in Sources */ = {isa = PBXBuildFile; fileRef = 01C104F524AB288D00708B34 /* OrderGoodsCell.m */; };
		01C104F824AB288D00708B34 /* OrderGoodsCell.xib in Resources */ = {isa = PBXBuildFile; fileRef = 01C104F624AB288D00708B34 /* OrderGoodsCell.xib */; };
		01C104FC24AB2C6300708B34 /* OrderAccountsCell.m in Sources */ = {isa = PBXBuildFile; fileRef = 01C104FA24AB2C6300708B34 /* OrderAccountsCell.m */; };
		01C104FD24AB2C6300708B34 /* OrderAccountsCell.xib in Resources */ = {isa = PBXBuildFile; fileRef = 01C104FB24AB2C6300708B34 /* OrderAccountsCell.xib */; };
		01C1050124AB349A00708B34 /* OrderRemarksCell.m in Sources */ = {isa = PBXBuildFile; fileRef = 01C104FF24AB349A00708B34 /* OrderRemarksCell.m */; };
		01C1050224AB349A00708B34 /* OrderRemarksCell.xib in Resources */ = {isa = PBXBuildFile; fileRef = 01C1050024AB349A00708B34 /* OrderRemarksCell.xib */; };
		01C1050624AB460A00708B34 /* OrderPaymentTypeCell.m in Sources */ = {isa = PBXBuildFile; fileRef = 01C1050424AB460A00708B34 /* OrderPaymentTypeCell.m */; };
		01C1050724AB460A00708B34 /* OrderPaymentTypeCell.xib in Resources */ = {isa = PBXBuildFile; fileRef = 01C1050524AB460A00708B34 /* OrderPaymentTypeCell.xib */; };
		01CAB93E24926AD400D2FC89 /* Assets.xcassets in Resources */ = {isa = PBXBuildFile; fileRef = 01CAB93D24926AD400D2FC89 /* Assets.xcassets */; };
		01CAB94F24926B1E00D2FC89 /* SceneDelegate.m in Sources */ = {isa = PBXBuildFile; fileRef = 01CAB94C24926B1E00D2FC89 /* SceneDelegate.m */; };
		01CAB95024926B1E00D2FC89 /* AppDelegate.m in Sources */ = {isa = PBXBuildFile; fileRef = 01CAB94D24926B1E00D2FC89 /* AppDelegate.m */; };
		01CAB95424926C1500D2FC89 /* LaunchScreen.storyboard in Resources */ = {isa = PBXBuildFile; fileRef = 01CAB95224926C1500D2FC89 /* LaunchScreen.storyboard */; };
		01CAB95524926C1500D2FC89 /* main.m in Sources */ = {isa = PBXBuildFile; fileRef = 01CAB95324926C1500D2FC89 /* main.m */; };
		01CAB98324926D1000D2FC89 /* UIColor+Category.m in Sources */ = {isa = PBXBuildFile; fileRef = 01CAB97124926D1000D2FC89 /* UIColor+Category.m */; };
		01CAB98424926D1000D2FC89 /* UIAlertController+Category.m in Sources */ = {isa = PBXBuildFile; fileRef = 01CAB97324926D1000D2FC89 /* UIAlertController+Category.m */; };
		01CAB98524926D1000D2FC89 /* UIBarButtonItem+Category.m in Sources */ = {isa = PBXBuildFile; fileRef = 01CAB97624926D1000D2FC89 /* UIBarButtonItem+Category.m */; };
		01CAB98624926D1000D2FC89 /* NSString+Category.m in Sources */ = {isa = PBXBuildFile; fileRef = 01CAB97A24926D1000D2FC89 /* NSString+Category.m */; };
		01CAB98724926D1000D2FC89 /* UINavigationController+Category.m in Sources */ = {isa = PBXBuildFile; fileRef = 01CAB97C24926D1000D2FC89 /* UINavigationController+Category.m */; };
		01CAB98824926D1000D2FC89 /* NSMutableArray+Safe.m in Sources */ = {isa = PBXBuildFile; fileRef = 01CAB97F24926D1000D2FC89 /* NSMutableArray+Safe.m */; };
		01CAB98924926D1000D2FC89 /* NSArray+Safe.m in Sources */ = {isa = PBXBuildFile; fileRef = 01CAB98224926D1000D2FC89 /* NSArray+Safe.m */; };
		01CAB9B124988F2F00D2FC89 /* WebViewController.m in Sources */ = {isa = PBXBuildFile; fileRef = 01CAB9AF24988F2F00D2FC89 /* WebViewController.m */; };
		01CAB9B224988F2F00D2FC89 /* WebViewController.xib in Resources */ = {isa = PBXBuildFile; fileRef = 01CAB9B024988F2F00D2FC89 /* WebViewController.xib */; };
		01CAB9B72498937D00D2FC89 /* BaseNavigationController.m in Sources */ = {isa = PBXBuildFile; fileRef = 01CAB9B62498937D00D2FC89 /* BaseNavigationController.m */; };
		01CAB9C22498954000D2FC89 /* BaseTabBarController.m in Sources */ = {isa = PBXBuildFile; fileRef = 01CAB9C02498954000D2FC89 /* BaseTabBarController.m */; };
		01CAB9CC2498977000D2FC89 /* HomePageController.m in Sources */ = {isa = PBXBuildFile; fileRef = 01CAB9CA2498977000D2FC89 /* HomePageController.m */; };
		01CAB9CD2498977000D2FC89 /* HomePageController.xib in Resources */ = {isa = PBXBuildFile; fileRef = 01CAB9CB2498977000D2FC89 /* HomePageController.xib */; };
		01CAB9D12498978100D2FC89 /* DiscoverController.m in Sources */ = {isa = PBXBuildFile; fileRef = 01CAB9CF2498978100D2FC89 /* DiscoverController.m */; };
		01CAB9D22498978100D2FC89 /* DiscoverController.xib in Resources */ = {isa = PBXBuildFile; fileRef = 01CAB9D02498978100D2FC89 /* DiscoverController.xib */; };
		01CAB9D62498979200D2FC89 /* MineController.m in Sources */ = {isa = PBXBuildFile; fileRef = 01CAB9D42498979200D2FC89 /* MineController.m */; };
		01CAB9D72498979200D2FC89 /* MineController.xib in Resources */ = {isa = PBXBuildFile; fileRef = 01CAB9D52498979200D2FC89 /* MineController.xib */; };
		01CAB9DB2498979F00D2FC89 /* OrderController.m in Sources */ = {isa = PBXBuildFile; fileRef = 01CAB9D92498979F00D2FC89 /* OrderController.m */; };
		01CAB9DC2498979F00D2FC89 /* OrderController.xib in Resources */ = {isa = PBXBuildFile; fileRef = 01CAB9DA2498979F00D2FC89 /* OrderController.xib */; };
		01F05116249F3B8C00879F68 /* BindPhoneNumberController.m in Sources */ = {isa = PBXBuildFile; fileRef = 01F05114249F3B8C00879F68 /* BindPhoneNumberController.m */; };
		01F05117249F3B8C00879F68 /* BindPhoneNumberController.xib in Resources */ = {isa = PBXBuildFile; fileRef = 01F05115249F3B8C00879F68 /* BindPhoneNumberController.xib */; };
		01F0511F249F750C00879F68 /* AccoundLoginController.m in Sources */ = {isa = PBXBuildFile; fileRef = 01F0511D249F750C00879F68 /* AccoundLoginController.m */; };
		01F05120249F750C00879F68 /* AccoundLoginController.xib in Resources */ = {isa = PBXBuildFile; fileRef = 01F0511E249F750C00879F68 /* AccoundLoginController.xib */; };
		01F05124249F7E3500879F68 /* ForgetPasswordController.m in Sources */ = {isa = PBXBuildFile; fileRef = 01F05122249F7E3500879F68 /* ForgetPasswordController.m */; };
		01F05125249F7E3500879F68 /* ForgetPasswordController.xib in Resources */ = {isa = PBXBuildFile; fileRef = 01F05123249F7E3500879F68 /* ForgetPasswordController.xib */; };
		01F05129249F833D00879F68 /* SetNewPasswordController.m in Sources */ = {isa = PBXBuildFile; fileRef = 01F05127249F833D00879F68 /* SetNewPasswordController.m */; };
		01F0512A249F833D00879F68 /* SetNewPasswordController.xib in Resources */ = {isa = PBXBuildFile; fileRef = 01F05128249F833D00879F68 /* SetNewPasswordController.xib */; };
		01F0512F24A0349700879F68 /* MyCollectionController.m in Sources */ = {isa = PBXBuildFile; fileRef = 01F0512D24A0349700879F68 /* MyCollectionController.m */; };
		01F0513024A0349700879F68 /* MyCollectionController.xib in Resources */ = {isa = PBXBuildFile; fileRef = 01F0512E24A0349700879F68 /* MyCollectionController.xib */; };
		01F0513424A0360C00879F68 /* MyCollectionCell.m in Sources */ = {isa = PBXBuildFile; fileRef = 01F0513224A0360C00879F68 /* MyCollectionCell.m */; };
		01F0513524A0360C00879F68 /* MyCollectionCell.xib in Resources */ = {isa = PBXBuildFile; fileRef = 01F0513324A0360C00879F68 /* MyCollectionCell.xib */; };
		01F0513A24A0E81600879F68 /* SettingsController.m in Sources */ = {isa = PBXBuildFile; fileRef = 01F0513824A0E81600879F68 /* SettingsController.m */; };
		01F0513B24A0E81600879F68 /* SettingsController.xib in Resources */ = {isa = PBXBuildFile; fileRef = 01F0513924A0E81600879F68 /* SettingsController.xib */; };
		01F0514024A0E97000879F68 /* MyMessagesController.m in Sources */ = {isa = PBXBuildFile; fileRef = 01F0513E24A0E97000879F68 /* MyMessagesController.m */; };
		01F0514124A0E97000879F68 /* MyMessagesController.xib in Resources */ = {isa = PBXBuildFile; fileRef = 01F0513F24A0E97000879F68 /* MyMessagesController.xib */; };
		01F0514524A0EDB900879F68 /* MyMessagesCell.m in Sources */ = {isa = PBXBuildFile; fileRef = 01F0514324A0EDB900879F68 /* MyMessagesCell.m */; };
		01F0514624A0EDB900879F68 /* MyMessagesCell.xib in Resources */ = {isa = PBXBuildFile; fileRef = 01F0514424A0EDB900879F68 /* MyMessagesCell.xib */; };
		F83370564113C502B5B5EC2A /* libPods-RiceGrain.a in Frameworks */ = {isa = PBXBuildFile; fileRef = 1C0C763335636495401F501E /* libPods-RiceGrain.a */; };
/* End PBXBuildFile section */

/* Begin PBXFileReference section */
		0123C0C624A2FC3C003F7DF9 /* MerchantsTableViewCell.h */ = {isa = PBXFileReference; lastKnownFileType = sourcecode.c.h; path = MerchantsTableViewCell.h; sourceTree = "<group>"; };
		0123C0C724A2FC3C003F7DF9 /* MerchantsTableViewCell.m */ = {isa = PBXFileReference; lastKnownFileType = sourcecode.c.objc; path = MerchantsTableViewCell.m; sourceTree = "<group>"; };
		0123C0C824A2FC3C003F7DF9 /* MerchantsTableViewCell.xib */ = {isa = PBXFileReference; lastKnownFileType = file.xib; path = MerchantsTableViewCell.xib; sourceTree = "<group>"; };
		0123C0DB24A5A07D003F7DF9 /* HomePageHeaderView.h */ = {isa = PBXFileReference; lastKnownFileType = sourcecode.c.h; path = HomePageHeaderView.h; sourceTree = "<group>"; };
		0123C0DC24A5A07D003F7DF9 /* HomePageHeaderView.m */ = {isa = PBXFileReference; lastKnownFileType = sourcecode.c.objc; path = HomePageHeaderView.m; sourceTree = "<group>"; };
		0123C0DE24A5A0B1003F7DF9 /* HomePageHeaderView.xib */ = {isa = PBXFileReference; lastKnownFileType = file.xib; path = HomePageHeaderView.xib; sourceTree = "<group>"; };
		0123C0E124A5BE02003F7DF9 /* MerchantHomePageController.h */ = {isa = PBXFileReference; lastKnownFileType = sourcecode.c.h; path = MerchantHomePageController.h; sourceTree = "<group>"; };
		0123C0E224A5BE02003F7DF9 /* MerchantHomePageController.m */ = {isa = PBXFileReference; lastKnownFileType = sourcecode.c.objc; path = MerchantHomePageController.m; sourceTree = "<group>"; };
		0123C0E324A5BE02003F7DF9 /* MerchantHomePageController.xib */ = {isa = PBXFileReference; lastKnownFileType = file.xib; path = MerchantHomePageController.xib; sourceTree = "<group>"; };
		0123C0E624A5D6AE003F7DF9 /* ShoppingCartView.h */ = {isa = PBXFileReference; lastKnownFileType = sourcecode.c.h; path = ShoppingCartView.h; sourceTree = "<group>"; };
		0123C0E724A5D6AE003F7DF9 /* ShoppingCartView.m */ = {isa = PBXFileReference; lastKnownFileType = sourcecode.c.objc; path = ShoppingCartView.m; sourceTree = "<group>"; };
		0123C0E924A5D6BF003F7DF9 /* ShoppingCartView.xib */ = {isa = PBXFileReference; lastKnownFileType = file.xib; path = ShoppingCartView.xib; sourceTree = "<group>"; };
		0123C0F024A5FB29003F7DF9 /* ShoppingCartListManager.m */ = {isa = PBXFileReference; fileEncoding = 4; lastKnownFileType = sourcecode.c.objc; path = ShoppingCartListManager.m; sourceTree = "<group>"; };
		0123C0F124A5FB29003F7DF9 /* ShoppingCartListManager.h */ = {isa = PBXFileReference; fileEncoding = 4; lastKnownFileType = sourcecode.c.h; path = ShoppingCartListManager.h; sourceTree = "<group>"; };
		0123C0F324A5FBBA003F7DF9 /* ShoppingCartListModel.h */ = {isa = PBXFileReference; lastKnownFileType = sourcecode.c.h; path = ShoppingCartListModel.h; sourceTree = "<group>"; };
		0123C0F424A5FBBA003F7DF9 /* ShoppingCartListModel.m */ = {isa = PBXFileReference; lastKnownFileType = sourcecode.c.objc; path = ShoppingCartListModel.m; sourceTree = "<group>"; };
		0123C0F624A5FD37003F7DF9 /* ShoppingCartGoodsCell.h */ = {isa = PBXFileReference; lastKnownFileType = sourcecode.c.h; path = ShoppingCartGoodsCell.h; sourceTree = "<group>"; };
		0123C0F724A5FD37003F7DF9 /* ShoppingCartGoodsCell.m */ = {isa = PBXFileReference; lastKnownFileType = sourcecode.c.objc; path = ShoppingCartGoodsCell.m; sourceTree = "<group>"; };
		0123C0F824A5FD37003F7DF9 /* ShoppingCartGoodsCell.xib */ = {isa = PBXFileReference; lastKnownFileType = file.xib; path = ShoppingCartGoodsCell.xib; sourceTree = "<group>"; };
		0123C0FB24A5FE38003F7DF9 /* ManagerDefine.h */ = {isa = PBXFileReference; lastKnownFileType = sourcecode.c.h; path = ManagerDefine.h; sourceTree = "<group>"; };
		015BEC3E249A3299003F5833 /* MyAddressController.h */ = {isa = PBXFileReference; lastKnownFileType = sourcecode.c.h; path = MyAddressController.h; sourceTree = "<group>"; };
		015BEC3F249A3299003F5833 /* MyAddressController.m */ = {isa = PBXFileReference; lastKnownFileType = sourcecode.c.objc; path = MyAddressController.m; sourceTree = "<group>"; };
		015BEC40249A3299003F5833 /* MyAddressController.xib */ = {isa = PBXFileReference; lastKnownFileType = file.xib; path = MyAddressController.xib; sourceTree = "<group>"; };
		015BEC43249A3847003F5833 /* MyAddressCell.h */ = {isa = PBXFileReference; lastKnownFileType = sourcecode.c.h; path = MyAddressCell.h; sourceTree = "<group>"; };
		015BEC44249A3847003F5833 /* MyAddressCell.m */ = {isa = PBXFileReference; lastKnownFileType = sourcecode.c.objc; path = MyAddressCell.m; sourceTree = "<group>"; };
		015BEC45249A3847003F5833 /* MyAddressCell.xib */ = {isa = PBXFileReference; lastKnownFileType = file.xib; path = MyAddressCell.xib; sourceTree = "<group>"; };
		015BEC4B249AEF54003F5833 /* MyAddressModel.h */ = {isa = PBXFileReference; lastKnownFileType = sourcecode.c.h; path = MyAddressModel.h; sourceTree = "<group>"; };
		015BEC4C249AEF54003F5833 /* MyAddressModel.m */ = {isa = PBXFileReference; lastKnownFileType = sourcecode.c.objc; path = MyAddressModel.m; sourceTree = "<group>"; };
		0163176B249C3E020032EF44 /* AddNewAddressController.h */ = {isa = PBXFileReference; lastKnownFileType = sourcecode.c.h; path = AddNewAddressController.h; sourceTree = "<group>"; };
		0163176C249C3E020032EF44 /* AddNewAddressController.m */ = {isa = PBXFileReference; lastKnownFileType = sourcecode.c.objc; path = AddNewAddressController.m; sourceTree = "<group>"; };
		0163176D249C3E020032EF44 /* AddNewAddressController.xib */ = {isa = PBXFileReference; lastKnownFileType = file.xib; path = AddNewAddressController.xib; sourceTree = "<group>"; };
		01631771249C51850032EF44 /* FeedbackController.h */ = {isa = PBXFileReference; lastKnownFileType = sourcecode.c.h; path = FeedbackController.h; sourceTree = "<group>"; };
		01631772249C51850032EF44 /* FeedbackController.m */ = {isa = PBXFileReference; lastKnownFileType = sourcecode.c.objc; path = FeedbackController.m; sourceTree = "<group>"; };
		01631773249C51850032EF44 /* FeedbackController.xib */ = {isa = PBXFileReference; lastKnownFileType = file.xib; path = FeedbackController.xib; sourceTree = "<group>"; };
		01631777249DAAB00032EF44 /* LoginController.h */ = {isa = PBXFileReference; lastKnownFileType = sourcecode.c.h; path = LoginController.h; sourceTree = "<group>"; };
		01631778249DAAB00032EF44 /* LoginController.m */ = {isa = PBXFileReference; lastKnownFileType = sourcecode.c.objc; path = LoginController.m; sourceTree = "<group>"; };
		01631779249DAAB00032EF44 /* LoginController.xib */ = {isa = PBXFileReference; lastKnownFileType = file.xib; path = LoginController.xib; sourceTree = "<group>"; };
		0163177D249DB37E0032EF44 /* RegistController.h */ = {isa = PBXFileReference; lastKnownFileType = sourcecode.c.h; path = RegistController.h; sourceTree = "<group>"; };
		0163177E249DB37E0032EF44 /* RegistController.m */ = {isa = PBXFileReference; lastKnownFileType = sourcecode.c.objc; path = RegistController.m; sourceTree = "<group>"; };
		0163177F249DB37E0032EF44 /* RegistController.xib */ = {isa = PBXFileReference; lastKnownFileType = file.xib; path = RegistController.xib; sourceTree = "<group>"; };
		016CF00824A21DA500BD553A /* MineTableViewCell.m */ = {isa = PBXFileReference; fileEncoding = 4; lastKnownFileType = sourcecode.c.objc; path = MineTableViewCell.m; sourceTree = "<group>"; };
		016CF00924A21DA500BD553A /* MineTableViewCell.xib */ = {isa = PBXFileReference; fileEncoding = 4; lastKnownFileType = file.xib; path = MineTableViewCell.xib; sourceTree = "<group>"; };
		016CF00A24A21DA500BD553A /* MineTableViewCell.h */ = {isa = PBXFileReference; fileEncoding = 4; lastKnownFileType = sourcecode.c.h; path = MineTableViewCell.h; sourceTree = "<group>"; };
		016CF00E24A21FAA00BD553A /* AccountSafetyController.h */ = {isa = PBXFileReference; lastKnownFileType = sourcecode.c.h; path = AccountSafetyController.h; sourceTree = "<group>"; };
		016CF00F24A21FAA00BD553A /* AccountSafetyController.m */ = {isa = PBXFileReference; lastKnownFileType = sourcecode.c.objc; path = AccountSafetyController.m; sourceTree = "<group>"; };
		016CF01024A21FAA00BD553A /* AccountSafetyController.xib */ = {isa = PBXFileReference; lastKnownFileType = file.xib; path = AccountSafetyController.xib; sourceTree = "<group>"; };
		016CF01324A220DC00BD553A /* IdentifierVerifyController.h */ = {isa = PBXFileReference; lastKnownFileType = sourcecode.c.h; path = IdentifierVerifyController.h; sourceTree = "<group>"; };
		016CF01424A220DC00BD553A /* IdentifierVerifyController.m */ = {isa = PBXFileReference; lastKnownFileType = sourcecode.c.objc; path = IdentifierVerifyController.m; sourceTree = "<group>"; };
		016CF01524A220DC00BD553A /* IdentifierVerifyController.xib */ = {isa = PBXFileReference; lastKnownFileType = file.xib; path = IdentifierVerifyController.xib; sourceTree = "<group>"; };
		016CF01824A2234000BD553A /* PhoneNumberChangeController.h */ = {isa = PBXFileReference; lastKnownFileType = sourcecode.c.h; path = PhoneNumberChangeController.h; sourceTree = "<group>"; };
		016CF01924A2234000BD553A /* PhoneNumberChangeController.m */ = {isa = PBXFileReference; lastKnownFileType = sourcecode.c.objc; path = PhoneNumberChangeController.m; sourceTree = "<group>"; };
		016CF01A24A2234000BD553A /* PhoneNumberChangeController.xib */ = {isa = PBXFileReference; lastKnownFileType = file.xib; path = PhoneNumberChangeController.xib; sourceTree = "<group>"; };
		016CF01E24A22DE000BD553A /* InviteFriendController.h */ = {isa = PBXFileReference; lastKnownFileType = sourcecode.c.h; path = InviteFriendController.h; sourceTree = "<group>"; };
		016CF01F24A22DE000BD553A /* InviteFriendController.m */ = {isa = PBXFileReference; lastKnownFileType = sourcecode.c.objc; path = InviteFriendController.m; sourceTree = "<group>"; };
		016CF02024A22DE000BD553A /* InviteFriendController.xib */ = {isa = PBXFileReference; lastKnownFileType = file.xib; path = InviteFriendController.xib; sourceTree = "<group>"; };
		016CF02424A2334500BD553A /* MerchantsSettledController.h */ = {isa = PBXFileReference; lastKnownFileType = sourcecode.c.h; path = MerchantsSettledController.h; sourceTree = "<group>"; };
		016CF02524A2334500BD553A /* MerchantsSettledController.m */ = {isa = PBXFileReference; lastKnownFileType = sourcecode.c.objc; path = MerchantsSettledController.m; sourceTree = "<group>"; };
		016CF02624A2334500BD553A /* MerchantsSettledController.xib */ = {isa = PBXFileReference; lastKnownFileType = file.xib; path = MerchantsSettledController.xib; sourceTree = "<group>"; };
		016CF02F24A2558C00BD553A /* RidersSettledController.h */ = {isa = PBXFileReference; lastKnownFileType = sourcecode.c.h; path = RidersSettledController.h; sourceTree = "<group>"; };
		016CF03024A2558C00BD553A /* RidersSettledController.m */ = {isa = PBXFileReference; lastKnownFileType = sourcecode.c.objc; path = RidersSettledController.m; sourceTree = "<group>"; };
		016CF03124A2558C00BD553A /* RidersSettledController.xib */ = {isa = PBXFileReference; lastKnownFileType = file.xib; path = RidersSettledController.xib; sourceTree = "<group>"; };
		0193D8C0249919BB004A4263 /* Main.storyboard */ = {isa = PBXFileReference; fileEncoding = 4; lastKnownFileType = file.storyboard; path = Main.storyboard; sourceTree = "<group>"; };
		0193D8C924992E33004A4263 /* TabBarView.m */ = {isa = PBXFileReference; fileEncoding = 4; lastKnownFileType = sourcecode.c.objc; path = TabBarView.m; sourceTree = "<group>"; };
		0193D8CA24992E33004A4263 /* TabBarView.h */ = {isa = PBXFileReference; fileEncoding = 4; lastKnownFileType = sourcecode.c.h; path = TabBarView.h; sourceTree = "<group>"; };
		0193D8CD2499D2D5004A4263 /* TabBarView.xib */ = {isa = PBXFileReference; lastKnownFileType = file.xib; path = TabBarView.xib; sourceTree = "<group>"; };
		0193D8CF2499F250004A4263 /* ThirdPartService.h */ = {isa = PBXFileReference; lastKnownFileType = sourcecode.c.h; path = ThirdPartService.h; sourceTree = "<group>"; };
		01C104CB24AA0DFE00708B34 /* MerchantLeftImageCell.h */ = {isa = PBXFileReference; lastKnownFileType = sourcecode.c.h; path = MerchantLeftImageCell.h; sourceTree = "<group>"; };
		01C104CC24AA0DFE00708B34 /* MerchantLeftImageCell.m */ = {isa = PBXFileReference; lastKnownFileType = sourcecode.c.objc; path = MerchantLeftImageCell.m; sourceTree = "<group>"; };
		01C104CD24AA0DFE00708B34 /* MerchantLeftImageCell.xib */ = {isa = PBXFileReference; lastKnownFileType = file.xib; path = MerchantLeftImageCell.xib; sourceTree = "<group>"; };
		01C104D024AA0E1900708B34 /* MerchantRightImageCell.h */ = {isa = PBXFileReference; lastKnownFileType = sourcecode.c.h; path = MerchantRightImageCell.h; sourceTree = "<group>"; };
		01C104D124AA0E1900708B34 /* MerchantRightImageCell.m */ = {isa = PBXFileReference; lastKnownFileType = sourcecode.c.objc; path = MerchantRightImageCell.m; sourceTree = "<group>"; };
		01C104D224AA0E1900708B34 /* MerchantRightImageCell.xib */ = {isa = PBXFileReference; lastKnownFileType = file.xib; path = MerchantRightImageCell.xib; sourceTree = "<group>"; };
		01C104D524AA1A0B00708B34 /* MerchantPromptMessageCell.h */ = {isa = PBXFileReference; lastKnownFileType = sourcecode.c.h; path = MerchantPromptMessageCell.h; sourceTree = "<group>"; };
		01C104D624AA1A0B00708B34 /* MerchantPromptMessageCell.m */ = {isa = PBXFileReference; lastKnownFileType = sourcecode.c.objc; path = MerchantPromptMessageCell.m; sourceTree = "<group>"; };
		01C104D724AA1A0B00708B34 /* MerchantPromptMessageCell.xib */ = {isa = PBXFileReference; lastKnownFileType = file.xib; path = MerchantPromptMessageCell.xib; sourceTree = "<group>"; };
		01C104DA24AA3D0D00708B34 /* MerchantGoodsListCell.h */ = {isa = PBXFileReference; lastKnownFileType = sourcecode.c.h; path = MerchantGoodsListCell.h; sourceTree = "<group>"; };
		01C104DB24AA3D0D00708B34 /* MerchantGoodsListCell.m */ = {isa = PBXFileReference; lastKnownFileType = sourcecode.c.objc; path = MerchantGoodsListCell.m; sourceTree = "<group>"; };
		01C104DC24AA3D0D00708B34 /* MerchantGoodsListCell.xib */ = {isa = PBXFileReference; lastKnownFileType = file.xib; path = MerchantGoodsListCell.xib; sourceTree = "<group>"; };
		01C104DF24AA43BB00708B34 /* MerchantSectionTitleHeaderView.h */ = {isa = PBXFileReference; lastKnownFileType = sourcecode.c.h; path = MerchantSectionTitleHeaderView.h; sourceTree = "<group>"; };
		01C104E024AA43BB00708B34 /* MerchantSectionTitleHeaderView.m */ = {isa = PBXFileReference; lastKnownFileType = sourcecode.c.objc; path = MerchantSectionTitleHeaderView.m; sourceTree = "<group>"; };
		01C104E224AA43CA00708B34 /* MerchantSectionTitleHeaderView.xib */ = {isa = PBXFileReference; lastKnownFileType = file.xib; path = MerchantSectionTitleHeaderView.xib; sourceTree = "<group>"; };
		01C104E524AADE4300708B34 /* OrderSettlementController.h */ = {isa = PBXFileReference; lastKnownFileType = sourcecode.c.h; path = OrderSettlementController.h; sourceTree = "<group>"; };
		01C104E624AADE4300708B34 /* OrderSettlementController.m */ = {isa = PBXFileReference; lastKnownFileType = sourcecode.c.objc; path = OrderSettlementController.m; sourceTree = "<group>"; };
		01C104E724AADE4300708B34 /* OrderSettlementController.xib */ = {isa = PBXFileReference; lastKnownFileType = file.xib; path = OrderSettlementController.xib; sourceTree = "<group>"; };
		01C104EA24AAE4D300708B34 /* OrderAddressCell.h */ = {isa = PBXFileReference; lastKnownFileType = sourcecode.c.h; path = OrderAddressCell.h; sourceTree = "<group>"; };
		01C104EB24AAE4D300708B34 /* OrderAddressCell.m */ = {isa = PBXFileReference; lastKnownFileType = sourcecode.c.objc; path = OrderAddressCell.m; sourceTree = "<group>"; };
		01C104EC24AAE4D300708B34 /* OrderAddressCell.xib */ = {isa = PBXFileReference; lastKnownFileType = file.xib; path = OrderAddressCell.xib; sourceTree = "<group>"; };
		01C104EF24AB25C000708B34 /* OrderShopCell.h */ = {isa = PBXFileReference; lastKnownFileType = sourcecode.c.h; path = OrderShopCell.h; sourceTree = "<group>"; };
		01C104F024AB25C100708B34 /* OrderShopCell.m */ = {isa = PBXFileReference; lastKnownFileType = sourcecode.c.objc; path = OrderShopCell.m; sourceTree = "<group>"; };
		01C104F124AB25C100708B34 /* OrderShopCell.xib */ = {isa = PBXFileReference; lastKnownFileType = file.xib; path = OrderShopCell.xib; sourceTree = "<group>"; };
		01C104F424AB288D00708B34 /* OrderGoodsCell.h */ = {isa = PBXFileReference; lastKnownFileType = sourcecode.c.h; path = OrderGoodsCell.h; sourceTree = "<group>"; };
		01C104F524AB288D00708B34 /* OrderGoodsCell.m */ = {isa = PBXFileReference; lastKnownFileType = sourcecode.c.objc; path = OrderGoodsCell.m; sourceTree = "<group>"; };
		01C104F624AB288D00708B34 /* OrderGoodsCell.xib */ = {isa = PBXFileReference; lastKnownFileType = file.xib; path = OrderGoodsCell.xib; sourceTree = "<group>"; };
		01C104F924AB2C6300708B34 /* OrderAccountsCell.h */ = {isa = PBXFileReference; lastKnownFileType = sourcecode.c.h; path = OrderAccountsCell.h; sourceTree = "<group>"; };
		01C104FA24AB2C6300708B34 /* OrderAccountsCell.m */ = {isa = PBXFileReference; lastKnownFileType = sourcecode.c.objc; path = OrderAccountsCell.m; sourceTree = "<group>"; };
		01C104FB24AB2C6300708B34 /* OrderAccountsCell.xib */ = {isa = PBXFileReference; lastKnownFileType = file.xib; path = OrderAccountsCell.xib; sourceTree = "<group>"; };
		01C104FE24AB349A00708B34 /* OrderRemarksCell.h */ = {isa = PBXFileReference; lastKnownFileType = sourcecode.c.h; path = OrderRemarksCell.h; sourceTree = "<group>"; };
		01C104FF24AB349A00708B34 /* OrderRemarksCell.m */ = {isa = PBXFileReference; lastKnownFileType = sourcecode.c.objc; path = OrderRemarksCell.m; sourceTree = "<group>"; };
		01C1050024AB349A00708B34 /* OrderRemarksCell.xib */ = {isa = PBXFileReference; lastKnownFileType = file.xib; path = OrderRemarksCell.xib; sourceTree = "<group>"; };
		01C1050324AB460A00708B34 /* OrderPaymentTypeCell.h */ = {isa = PBXFileReference; lastKnownFileType = sourcecode.c.h; path = OrderPaymentTypeCell.h; sourceTree = "<group>"; };
		01C1050424AB460A00708B34 /* OrderPaymentTypeCell.m */ = {isa = PBXFileReference; lastKnownFileType = sourcecode.c.objc; path = OrderPaymentTypeCell.m; sourceTree = "<group>"; };
		01C1050524AB460A00708B34 /* OrderPaymentTypeCell.xib */ = {isa = PBXFileReference; lastKnownFileType = file.xib; path = OrderPaymentTypeCell.xib; sourceTree = "<group>"; };
		01CAB92E24926AD300D2FC89 /* RiceGrain.app */ = {isa = PBXFileReference; explicitFileType = wrapper.application; includeInIndex = 0; path = RiceGrain.app; sourceTree = BUILT_PRODUCTS_DIR; };
		01CAB93D24926AD400D2FC89 /* Assets.xcassets */ = {isa = PBXFileReference; lastKnownFileType = folder.assetcatalog; path = Assets.xcassets; sourceTree = "<group>"; };
		01CAB94B24926B1E00D2FC89 /* AppDelegate.h */ = {isa = PBXFileReference; fileEncoding = 4; lastKnownFileType = sourcecode.c.h; path = AppDelegate.h; sourceTree = "<group>"; };
		01CAB94C24926B1E00D2FC89 /* SceneDelegate.m */ = {isa = PBXFileReference; fileEncoding = 4; lastKnownFileType = sourcecode.c.objc; path = SceneDelegate.m; sourceTree = "<group>"; };
		01CAB94D24926B1E00D2FC89 /* AppDelegate.m */ = {isa = PBXFileReference; fileEncoding = 4; lastKnownFileType = sourcecode.c.objc; path = AppDelegate.m; sourceTree = "<group>"; };
		01CAB94E24926B1E00D2FC89 /* SceneDelegate.h */ = {isa = PBXFileReference; fileEncoding = 4; lastKnownFileType = sourcecode.c.h; path = SceneDelegate.h; sourceTree = "<group>"; };
		01CAB95224926C1500D2FC89 /* LaunchScreen.storyboard */ = {isa = PBXFileReference; fileEncoding = 4; lastKnownFileType = file.storyboard; path = LaunchScreen.storyboard; sourceTree = "<group>"; };
		01CAB95324926C1500D2FC89 /* main.m */ = {isa = PBXFileReference; fileEncoding = 4; lastKnownFileType = sourcecode.c.objc; path = main.m; sourceTree = "<group>"; };
		01CAB95724926C7E00D2FC89 /* Info.plist */ = {isa = PBXFileReference; fileEncoding = 4; lastKnownFileType = text.plist.xml; path = Info.plist; sourceTree = "<group>"; };
		01CAB97024926D1000D2FC89 /* UIColor+Category.h */ = {isa = PBXFileReference; fileEncoding = 4; lastKnownFileType = sourcecode.c.h; path = "UIColor+Category.h"; sourceTree = "<group>"; };
		01CAB97124926D1000D2FC89 /* UIColor+Category.m */ = {isa = PBXFileReference; fileEncoding = 4; lastKnownFileType = sourcecode.c.objc; path = "UIColor+Category.m"; sourceTree = "<group>"; };
		01CAB97324926D1000D2FC89 /* UIAlertController+Category.m */ = {isa = PBXFileReference; fileEncoding = 4; lastKnownFileType = sourcecode.c.objc; path = "UIAlertController+Category.m"; sourceTree = "<group>"; };
		01CAB97424926D1000D2FC89 /* UIAlertController+Category.h */ = {isa = PBXFileReference; fileEncoding = 4; lastKnownFileType = sourcecode.c.h; path = "UIAlertController+Category.h"; sourceTree = "<group>"; };
		01CAB97624926D1000D2FC89 /* UIBarButtonItem+Category.m */ = {isa = PBXFileReference; fileEncoding = 4; lastKnownFileType = sourcecode.c.objc; path = "UIBarButtonItem+Category.m"; sourceTree = "<group>"; };
		01CAB97724926D1000D2FC89 /* UIBarButtonItem+Category.h */ = {isa = PBXFileReference; fileEncoding = 4; lastKnownFileType = sourcecode.c.h; path = "UIBarButtonItem+Category.h"; sourceTree = "<group>"; };
		01CAB97924926D1000D2FC89 /* NSString+Category.h */ = {isa = PBXFileReference; fileEncoding = 4; lastKnownFileType = sourcecode.c.h; path = "NSString+Category.h"; sourceTree = "<group>"; };
		01CAB97A24926D1000D2FC89 /* NSString+Category.m */ = {isa = PBXFileReference; fileEncoding = 4; lastKnownFileType = sourcecode.c.objc; path = "NSString+Category.m"; sourceTree = "<group>"; };
		01CAB97C24926D1000D2FC89 /* UINavigationController+Category.m */ = {isa = PBXFileReference; fileEncoding = 4; lastKnownFileType = sourcecode.c.objc; path = "UINavigationController+Category.m"; sourceTree = "<group>"; };
		01CAB97D24926D1000D2FC89 /* UINavigationController+Category.h */ = {isa = PBXFileReference; fileEncoding = 4; lastKnownFileType = sourcecode.c.h; path = "UINavigationController+Category.h"; sourceTree = "<group>"; };
		01CAB97F24926D1000D2FC89 /* NSMutableArray+Safe.m */ = {isa = PBXFileReference; fileEncoding = 4; lastKnownFileType = sourcecode.c.objc; path = "NSMutableArray+Safe.m"; sourceTree = "<group>"; };
		01CAB98024926D1000D2FC89 /* NSArray+Safe.h */ = {isa = PBXFileReference; fileEncoding = 4; lastKnownFileType = sourcecode.c.h; path = "NSArray+Safe.h"; sourceTree = "<group>"; };
		01CAB98124926D1000D2FC89 /* NSMutableArray+Safe.h */ = {isa = PBXFileReference; fileEncoding = 4; lastKnownFileType = sourcecode.c.h; path = "NSMutableArray+Safe.h"; sourceTree = "<group>"; };
		01CAB98224926D1000D2FC89 /* NSArray+Safe.m */ = {isa = PBXFileReference; fileEncoding = 4; lastKnownFileType = sourcecode.c.objc; path = "NSArray+Safe.m"; sourceTree = "<group>"; };
		01CAB98C24926E2500D2FC89 /* UserdefaultsDefine.h */ = {isa = PBXFileReference; lastKnownFileType = sourcecode.c.h; path = UserdefaultsDefine.h; sourceTree = "<group>"; };
		01CAB98D24926E5900D2FC89 /* NotificationDefine.h */ = {isa = PBXFileReference; lastKnownFileType = sourcecode.c.h; path = NotificationDefine.h; sourceTree = "<group>"; };
		01CAB98E24926EA700D2FC89 /* SimpleWriteDeifne.h */ = {isa = PBXFileReference; lastKnownFileType = sourcecode.c.h; path = SimpleWriteDeifne.h; sourceTree = "<group>"; };
		01CAB98F2492710100D2FC89 /* RiceGrainPrefixHeader.pch */ = {isa = PBXFileReference; fileEncoding = 4; lastKnownFileType = sourcecode.c.h; path = RiceGrainPrefixHeader.pch; sourceTree = "<group>"; };
		01CAB9AE24988F2F00D2FC89 /* WebViewController.h */ = {isa = PBXFileReference; lastKnownFileType = sourcecode.c.h; path = WebViewController.h; sourceTree = "<group>"; };
		01CAB9AF24988F2F00D2FC89 /* WebViewController.m */ = {isa = PBXFileReference; lastKnownFileType = sourcecode.c.objc; path = WebViewController.m; sourceTree = "<group>"; };
		01CAB9B024988F2F00D2FC89 /* WebViewController.xib */ = {isa = PBXFileReference; lastKnownFileType = file.xib; path = WebViewController.xib; sourceTree = "<group>"; };
		01CAB9B52498937D00D2FC89 /* BaseNavigationController.h */ = {isa = PBXFileReference; lastKnownFileType = sourcecode.c.h; path = BaseNavigationController.h; sourceTree = "<group>"; };
		01CAB9B62498937D00D2FC89 /* BaseNavigationController.m */ = {isa = PBXFileReference; lastKnownFileType = sourcecode.c.objc; path = BaseNavigationController.m; sourceTree = "<group>"; };
		01CAB9BF2498954000D2FC89 /* BaseTabBarController.h */ = {isa = PBXFileReference; fileEncoding = 4; lastKnownFileType = sourcecode.c.h; path = BaseTabBarController.h; sourceTree = "<group>"; };
		01CAB9C02498954000D2FC89 /* BaseTabBarController.m */ = {isa = PBXFileReference; fileEncoding = 4; lastKnownFileType = sourcecode.c.objc; path = BaseTabBarController.m; sourceTree = "<group>"; };
		01CAB9C92498977000D2FC89 /* HomePageController.h */ = {isa = PBXFileReference; lastKnownFileType = sourcecode.c.h; path = HomePageController.h; sourceTree = "<group>"; };
		01CAB9CA2498977000D2FC89 /* HomePageController.m */ = {isa = PBXFileReference; lastKnownFileType = sourcecode.c.objc; path = HomePageController.m; sourceTree = "<group>"; };
		01CAB9CB2498977000D2FC89 /* HomePageController.xib */ = {isa = PBXFileReference; lastKnownFileType = file.xib; path = HomePageController.xib; sourceTree = "<group>"; };
		01CAB9CE2498978100D2FC89 /* DiscoverController.h */ = {isa = PBXFileReference; lastKnownFileType = sourcecode.c.h; path = DiscoverController.h; sourceTree = "<group>"; };
		01CAB9CF2498978100D2FC89 /* DiscoverController.m */ = {isa = PBXFileReference; lastKnownFileType = sourcecode.c.objc; path = DiscoverController.m; sourceTree = "<group>"; };
		01CAB9D02498978100D2FC89 /* DiscoverController.xib */ = {isa = PBXFileReference; lastKnownFileType = file.xib; path = DiscoverController.xib; sourceTree = "<group>"; };
		01CAB9D32498979200D2FC89 /* MineController.h */ = {isa = PBXFileReference; lastKnownFileType = sourcecode.c.h; path = MineController.h; sourceTree = "<group>"; };
		01CAB9D42498979200D2FC89 /* MineController.m */ = {isa = PBXFileReference; lastKnownFileType = sourcecode.c.objc; path = MineController.m; sourceTree = "<group>"; };
		01CAB9D52498979200D2FC89 /* MineController.xib */ = {isa = PBXFileReference; lastKnownFileType = file.xib; path = MineController.xib; sourceTree = "<group>"; };
		01CAB9D82498979F00D2FC89 /* OrderController.h */ = {isa = PBXFileReference; lastKnownFileType = sourcecode.c.h; path = OrderController.h; sourceTree = "<group>"; };
		01CAB9D92498979F00D2FC89 /* OrderController.m */ = {isa = PBXFileReference; lastKnownFileType = sourcecode.c.objc; path = OrderController.m; sourceTree = "<group>"; };
		01CAB9DA2498979F00D2FC89 /* OrderController.xib */ = {isa = PBXFileReference; lastKnownFileType = file.xib; path = OrderController.xib; sourceTree = "<group>"; };
		01F05113249F3B8C00879F68 /* BindPhoneNumberController.h */ = {isa = PBXFileReference; lastKnownFileType = sourcecode.c.h; path = BindPhoneNumberController.h; sourceTree = "<group>"; };
		01F05114249F3B8C00879F68 /* BindPhoneNumberController.m */ = {isa = PBXFileReference; lastKnownFileType = sourcecode.c.objc; path = BindPhoneNumberController.m; sourceTree = "<group>"; };
		01F05115249F3B8C00879F68 /* BindPhoneNumberController.xib */ = {isa = PBXFileReference; lastKnownFileType = file.xib; path = BindPhoneNumberController.xib; sourceTree = "<group>"; };
		01F0511C249F750C00879F68 /* AccoundLoginController.h */ = {isa = PBXFileReference; lastKnownFileType = sourcecode.c.h; path = AccoundLoginController.h; sourceTree = "<group>"; };
		01F0511D249F750C00879F68 /* AccoundLoginController.m */ = {isa = PBXFileReference; lastKnownFileType = sourcecode.c.objc; path = AccoundLoginController.m; sourceTree = "<group>"; };
		01F0511E249F750C00879F68 /* AccoundLoginController.xib */ = {isa = PBXFileReference; lastKnownFileType = file.xib; path = AccoundLoginController.xib; sourceTree = "<group>"; };
		01F05121249F7E3500879F68 /* ForgetPasswordController.h */ = {isa = PBXFileReference; lastKnownFileType = sourcecode.c.h; path = ForgetPasswordController.h; sourceTree = "<group>"; };
		01F05122249F7E3500879F68 /* ForgetPasswordController.m */ = {isa = PBXFileReference; lastKnownFileType = sourcecode.c.objc; path = ForgetPasswordController.m; sourceTree = "<group>"; };
		01F05123249F7E3500879F68 /* ForgetPasswordController.xib */ = {isa = PBXFileReference; lastKnownFileType = file.xib; path = ForgetPasswordController.xib; sourceTree = "<group>"; };
		01F05126249F833D00879F68 /* SetNewPasswordController.h */ = {isa = PBXFileReference; lastKnownFileType = sourcecode.c.h; path = SetNewPasswordController.h; sourceTree = "<group>"; };
		01F05127249F833D00879F68 /* SetNewPasswordController.m */ = {isa = PBXFileReference; lastKnownFileType = sourcecode.c.objc; path = SetNewPasswordController.m; sourceTree = "<group>"; };
		01F05128249F833D00879F68 /* SetNewPasswordController.xib */ = {isa = PBXFileReference; lastKnownFileType = file.xib; path = SetNewPasswordController.xib; sourceTree = "<group>"; };
		01F0512C24A0349700879F68 /* MyCollectionController.h */ = {isa = PBXFileReference; lastKnownFileType = sourcecode.c.h; path = MyCollectionController.h; sourceTree = "<group>"; };
		01F0512D24A0349700879F68 /* MyCollectionController.m */ = {isa = PBXFileReference; lastKnownFileType = sourcecode.c.objc; path = MyCollectionController.m; sourceTree = "<group>"; };
		01F0512E24A0349700879F68 /* MyCollectionController.xib */ = {isa = PBXFileReference; lastKnownFileType = file.xib; path = MyCollectionController.xib; sourceTree = "<group>"; };
		01F0513124A0360C00879F68 /* MyCollectionCell.h */ = {isa = PBXFileReference; lastKnownFileType = sourcecode.c.h; path = MyCollectionCell.h; sourceTree = "<group>"; };
		01F0513224A0360C00879F68 /* MyCollectionCell.m */ = {isa = PBXFileReference; lastKnownFileType = sourcecode.c.objc; path = MyCollectionCell.m; sourceTree = "<group>"; };
		01F0513324A0360C00879F68 /* MyCollectionCell.xib */ = {isa = PBXFileReference; lastKnownFileType = file.xib; path = MyCollectionCell.xib; sourceTree = "<group>"; };
		01F0513724A0E81600879F68 /* SettingsController.h */ = {isa = PBXFileReference; lastKnownFileType = sourcecode.c.h; path = SettingsController.h; sourceTree = "<group>"; };
		01F0513824A0E81600879F68 /* SettingsController.m */ = {isa = PBXFileReference; lastKnownFileType = sourcecode.c.objc; path = SettingsController.m; sourceTree = "<group>"; };
		01F0513924A0E81600879F68 /* SettingsController.xib */ = {isa = PBXFileReference; lastKnownFileType = file.xib; path = SettingsController.xib; sourceTree = "<group>"; };
		01F0513D24A0E97000879F68 /* MyMessagesController.h */ = {isa = PBXFileReference; lastKnownFileType = sourcecode.c.h; path = MyMessagesController.h; sourceTree = "<group>"; };
		01F0513E24A0E97000879F68 /* MyMessagesController.m */ = {isa = PBXFileReference; lastKnownFileType = sourcecode.c.objc; path = MyMessagesController.m; sourceTree = "<group>"; };
		01F0513F24A0E97000879F68 /* MyMessagesController.xib */ = {isa = PBXFileReference; lastKnownFileType = file.xib; path = MyMessagesController.xib; sourceTree = "<group>"; };
		01F0514224A0EDB900879F68 /* MyMessagesCell.h */ = {isa = PBXFileReference; lastKnownFileType = sourcecode.c.h; path = MyMessagesCell.h; sourceTree = "<group>"; };
		01F0514324A0EDB900879F68 /* MyMessagesCell.m */ = {isa = PBXFileReference; lastKnownFileType = sourcecode.c.objc; path = MyMessagesCell.m; sourceTree = "<group>"; };
		01F0514424A0EDB900879F68 /* MyMessagesCell.xib */ = {isa = PBXFileReference; lastKnownFileType = file.xib; path = MyMessagesCell.xib; sourceTree = "<group>"; };
		1C0C763335636495401F501E /* libPods-RiceGrain.a */ = {isa = PBXFileReference; explicitFileType = archive.ar; includeInIndex = 0; path = "libPods-RiceGrain.a"; sourceTree = BUILT_PRODUCTS_DIR; };
		95970A122375234BA9E6F56D /* Pods-RiceGrain.debug.xcconfig */ = {isa = PBXFileReference; includeInIndex = 1; lastKnownFileType = text.xcconfig; name = "Pods-RiceGrain.debug.xcconfig"; path = "Target Support Files/Pods-RiceGrain/Pods-RiceGrain.debug.xcconfig"; sourceTree = "<group>"; };
		FC8CF6FA10E303E01C56C4EB /* Pods-RiceGrain.release.xcconfig */ = {isa = PBXFileReference; includeInIndex = 1; lastKnownFileType = text.xcconfig; name = "Pods-RiceGrain.release.xcconfig"; path = "Target Support Files/Pods-RiceGrain/Pods-RiceGrain.release.xcconfig"; sourceTree = "<group>"; };
/* End PBXFileReference section */

/* Begin PBXFrameworksBuildPhase section */
		01CAB92B24926AD300D2FC89 /* Frameworks */ = {
			isa = PBXFrameworksBuildPhase;
			buildActionMask = 2147483647;
			files = (
				F83370564113C502B5B5EC2A /* libPods-RiceGrain.a in Frameworks */,
			);
			runOnlyForDeploymentPostprocessing = 0;
		};
/* End PBXFrameworksBuildPhase section */

/* Begin PBXGroup section */
		0123C0E024A5BDCF003F7DF9 /* MerchantHomePage */ = {
			isa = PBXGroup;
			children = (
				01C104E424AADE2400708B34 /* OrderSettlement */,
				0123C0E124A5BE02003F7DF9 /* MerchantHomePageController.h */,
				0123C0E224A5BE02003F7DF9 /* MerchantHomePageController.m */,
				0123C0E324A5BE02003F7DF9 /* MerchantHomePageController.xib */,
				0123C0E624A5D6AE003F7DF9 /* ShoppingCartView.h */,
				0123C0E724A5D6AE003F7DF9 /* ShoppingCartView.m */,
				0123C0E924A5D6BF003F7DF9 /* ShoppingCartView.xib */,
				0123C0F624A5FD37003F7DF9 /* ShoppingCartGoodsCell.h */,
				0123C0F724A5FD37003F7DF9 /* ShoppingCartGoodsCell.m */,
				0123C0F824A5FD37003F7DF9 /* ShoppingCartGoodsCell.xib */,
				01C104CB24AA0DFE00708B34 /* MerchantLeftImageCell.h */,
				01C104CC24AA0DFE00708B34 /* MerchantLeftImageCell.m */,
				01C104CD24AA0DFE00708B34 /* MerchantLeftImageCell.xib */,
				01C104D024AA0E1900708B34 /* MerchantRightImageCell.h */,
				01C104D124AA0E1900708B34 /* MerchantRightImageCell.m */,
				01C104D224AA0E1900708B34 /* MerchantRightImageCell.xib */,
				01C104D524AA1A0B00708B34 /* MerchantPromptMessageCell.h */,
				01C104D624AA1A0B00708B34 /* MerchantPromptMessageCell.m */,
				01C104D724AA1A0B00708B34 /* MerchantPromptMessageCell.xib */,
				01C104DA24AA3D0D00708B34 /* MerchantGoodsListCell.h */,
				01C104DB24AA3D0D00708B34 /* MerchantGoodsListCell.m */,
				01C104DC24AA3D0D00708B34 /* MerchantGoodsListCell.xib */,
				01C104DF24AA43BB00708B34 /* MerchantSectionTitleHeaderView.h */,
				01C104E024AA43BB00708B34 /* MerchantSectionTitleHeaderView.m */,
				01C104E224AA43CA00708B34 /* MerchantSectionTitleHeaderView.xib */,
			);
			path = MerchantHomePage;
			sourceTree = "<group>";
		};
		0123C0EB24A5F89E003F7DF9 /* Manager */ = {
			isa = PBXGroup;
			children = (
				0123C0EF24A5FB29003F7DF9 /* ShoppingCartListManager */,
			);
			path = Manager;
			sourceTree = "<group>";
		};
		0123C0EF24A5FB29003F7DF9 /* ShoppingCartListManager */ = {
			isa = PBXGroup;
			children = (
				0123C0F124A5FB29003F7DF9 /* ShoppingCartListManager.h */,
				0123C0F024A5FB29003F7DF9 /* ShoppingCartListManager.m */,
				0123C0F324A5FBBA003F7DF9 /* ShoppingCartListModel.h */,
				0123C0F424A5FBBA003F7DF9 /* ShoppingCartListModel.m */,
			);
			path = ShoppingCartListManager;
			sourceTree = "<group>";
		};
		015BEC3D249A3285003F5833 /* MyAddress */ = {
			isa = PBXGroup;
			children = (
				0163176A249B6B490032EF44 /* AddNewAddress */,
				015BEC3E249A3299003F5833 /* MyAddressController.h */,
				015BEC3F249A3299003F5833 /* MyAddressController.m */,
				015BEC40249A3299003F5833 /* MyAddressController.xib */,
				015BEC43249A3847003F5833 /* MyAddressCell.h */,
				015BEC44249A3847003F5833 /* MyAddressCell.m */,
				015BEC45249A3847003F5833 /* MyAddressCell.xib */,
				015BEC4B249AEF54003F5833 /* MyAddressModel.h */,
				015BEC4C249AEF54003F5833 /* MyAddressModel.m */,
			);
			path = MyAddress;
			sourceTree = "<group>";
		};
		0163176A249B6B490032EF44 /* AddNewAddress */ = {
			isa = PBXGroup;
			children = (
				0163176B249C3E020032EF44 /* AddNewAddressController.h */,
				0163176C249C3E020032EF44 /* AddNewAddressController.m */,
				0163176D249C3E020032EF44 /* AddNewAddressController.xib */,
			);
			path = AddNewAddress;
			sourceTree = "<group>";
		};
		01631770249C516A0032EF44 /* Feedback */ = {
			isa = PBXGroup;
			children = (
				01631771249C51850032EF44 /* FeedbackController.h */,
				01631772249C51850032EF44 /* FeedbackController.m */,
				01631773249C51850032EF44 /* FeedbackController.xib */,
			);
			path = Feedback;
			sourceTree = "<group>";
		};
		01631776249DA42F0032EF44 /* Login */ = {
			isa = PBXGroup;
			children = (
				01F0511A249F74DB00879F68 /* AccountLogin */,
				0163177C249DB3660032EF44 /* Regist */,
				01F05112249F3B7A00879F68 /* BindPhoneNumber */,
				01631777249DAAB00032EF44 /* LoginController.h */,
				01631778249DAAB00032EF44 /* LoginController.m */,
				01631779249DAAB00032EF44 /* LoginController.xib */,
			);
			path = Login;
			sourceTree = "<group>";
		};
		0163177C249DB3660032EF44 /* Regist */ = {
			isa = PBXGroup;
			children = (
				0163177D249DB37E0032EF44 /* RegistController.h */,
				0163177E249DB37E0032EF44 /* RegistController.m */,
				0163177F249DB37E0032EF44 /* RegistController.xib */,
			);
			path = Regist;
			sourceTree = "<group>";
		};
		016CF00D24A21F9A00BD553A /* AccountSafety */ = {
			isa = PBXGroup;
			children = (
				016CF00E24A21FAA00BD553A /* AccountSafetyController.h */,
				016CF00F24A21FAA00BD553A /* AccountSafetyController.m */,
				016CF01024A21FAA00BD553A /* AccountSafetyController.xib */,
				016CF01324A220DC00BD553A /* IdentifierVerifyController.h */,
				016CF01424A220DC00BD553A /* IdentifierVerifyController.m */,
				016CF01524A220DC00BD553A /* IdentifierVerifyController.xib */,
				016CF01824A2234000BD553A /* PhoneNumberChangeController.h */,
				016CF01924A2234000BD553A /* PhoneNumberChangeController.m */,
				016CF01A24A2234000BD553A /* PhoneNumberChangeController.xib */,
			);
			path = AccountSafety;
			sourceTree = "<group>";
		};
		016CF01D24A22DCB00BD553A /* InviteFriend */ = {
			isa = PBXGroup;
			children = (
				016CF01E24A22DE000BD553A /* InviteFriendController.h */,
				016CF01F24A22DE000BD553A /* InviteFriendController.m */,
				016CF02024A22DE000BD553A /* InviteFriendController.xib */,
			);
			path = InviteFriend;
			sourceTree = "<group>";
		};
		016CF02324A2333600BD553A /* MerchantsSettled */ = {
			isa = PBXGroup;
			children = (
				016CF02424A2334500BD553A /* MerchantsSettledController.h */,
				016CF02524A2334500BD553A /* MerchantsSettledController.m */,
				016CF02624A2334500BD553A /* MerchantsSettledController.xib */,
			);
			path = MerchantsSettled;
			sourceTree = "<group>";
		};
		016CF02924A254C400BD553A /* RidersSettled */ = {
			isa = PBXGroup;
			children = (
				016CF02F24A2558C00BD553A /* RidersSettledController.h */,
				016CF03024A2558C00BD553A /* RidersSettledController.m */,
				016CF03124A2558C00BD553A /* RidersSettledController.xib */,
			);
			path = RidersSettled;
			sourceTree = "<group>";
		};
		01C104E424AADE2400708B34 /* OrderSettlement */ = {
			isa = PBXGroup;
			children = (
				01C104E524AADE4300708B34 /* OrderSettlementController.h */,
				01C104E624AADE4300708B34 /* OrderSettlementController.m */,
				01C104E724AADE4300708B34 /* OrderSettlementController.xib */,
				01C104EA24AAE4D300708B34 /* OrderAddressCell.h */,
				01C104EB24AAE4D300708B34 /* OrderAddressCell.m */,
				01C104EC24AAE4D300708B34 /* OrderAddressCell.xib */,
				01C104EF24AB25C000708B34 /* OrderShopCell.h */,
				01C104F024AB25C100708B34 /* OrderShopCell.m */,
				01C104F124AB25C100708B34 /* OrderShopCell.xib */,
				01C104F424AB288D00708B34 /* OrderGoodsCell.h */,
				01C104F524AB288D00708B34 /* OrderGoodsCell.m */,
				01C104F624AB288D00708B34 /* OrderGoodsCell.xib */,
				01C104F924AB2C6300708B34 /* OrderAccountsCell.h */,
				01C104FA24AB2C6300708B34 /* OrderAccountsCell.m */,
				01C104FB24AB2C6300708B34 /* OrderAccountsCell.xib */,
				01C104FE24AB349A00708B34 /* OrderRemarksCell.h */,
				01C104FF24AB349A00708B34 /* OrderRemarksCell.m */,
				01C1050024AB349A00708B34 /* OrderRemarksCell.xib */,
				01C1050324AB460A00708B34 /* OrderPaymentTypeCell.h */,
				01C1050424AB460A00708B34 /* OrderPaymentTypeCell.m */,
				01C1050524AB460A00708B34 /* OrderPaymentTypeCell.xib */,
			);
			path = OrderSettlement;
			sourceTree = "<group>";
		};
		01CAB92524926AD300D2FC89 = {
			isa = PBXGroup;
			children = (
				01CAB93024926AD300D2FC89 /* RiceGrain */,
				01CAB92F24926AD300D2FC89 /* Products */,
				FE3D5557140B90A1DB76DCCD /* Pods */,
				3E7FE0A61359E1F0F10607ED /* Frameworks */,
			);
			sourceTree = "<group>";
		};
		01CAB92F24926AD300D2FC89 /* Products */ = {
			isa = PBXGroup;
			children = (
				01CAB92E24926AD300D2FC89 /* RiceGrain.app */,
			);
			name = Products;
			sourceTree = "<group>";
		};
		01CAB93024926AD300D2FC89 /* RiceGrain */ = {
			isa = PBXGroup;
			children = (
				01CAB94A24926B1E00D2FC89 /* AppDelegate */,
				01CAB95624926C5200D2FC89 /* Groups */,
				01CAB96E24926D1000D2FC89 /* Category */,
				01CAB95124926C1500D2FC89 /* Supporting files */,
				01CAB98B24926E0F00D2FC89 /* PrefixHeaderDefine */,
				01CAB93D24926AD400D2FC89 /* Assets.xcassets */,
			);
			path = RiceGrain;
			sourceTree = "<group>";
		};
		01CAB94A24926B1E00D2FC89 /* AppDelegate */ = {
			isa = PBXGroup;
			children = (
				01CAB94B24926B1E00D2FC89 /* AppDelegate.h */,
				01CAB94D24926B1E00D2FC89 /* AppDelegate.m */,
				01CAB94E24926B1E00D2FC89 /* SceneDelegate.h */,
				01CAB94C24926B1E00D2FC89 /* SceneDelegate.m */,
			);
			path = AppDelegate;
			sourceTree = "<group>";
		};
		01CAB95124926C1500D2FC89 /* Supporting files */ = {
			isa = PBXGroup;
			children = (
				01CAB95724926C7E00D2FC89 /* Info.plist */,
				01CAB95224926C1500D2FC89 /* LaunchScreen.storyboard */,
				0193D8C0249919BB004A4263 /* Main.storyboard */,
				01CAB95324926C1500D2FC89 /* main.m */,
			);
			path = "Supporting files";
			sourceTree = "<group>";
		};
		01CAB95624926C5200D2FC89 /* Groups */ = {
			isa = PBXGroup;
			children = (
				01631776249DA42F0032EF44 /* Login */,
				01CAB9C52498975000D2FC89 /* HomePage */,
				01CAB9C62498975000D2FC89 /* Discover */,
				01CAB9C72498975000D2FC89 /* Order */,
				01CAB9C82498975000D2FC89 /* Mine */,
				01CAB9BD2498954000D2FC89 /* BaseTabBarController */,
				01CAB9B32498930500D2FC89 /* BaseNavigationController */,
				01CAB9AD24988F0500D2FC89 /* WebController */,
				0123C0EB24A5F89E003F7DF9 /* Manager */,
			);
			path = Groups;
			sourceTree = "<group>";
		};
		01CAB96E24926D1000D2FC89 /* Category */ = {
			isa = PBXGroup;
			children = (
				01CAB96F24926D1000D2FC89 /* UIColor */,
				01CAB97224926D1000D2FC89 /* UIAlertController */,
				01CAB97524926D1000D2FC89 /* UIBarButtonItem */,
				01CAB97824926D1000D2FC89 /* NSString */,
				01CAB97B24926D1000D2FC89 /* UINavigationController */,
				01CAB97E24926D1000D2FC89 /* NSArray */,
			);
			path = Category;
			sourceTree = "<group>";
		};
		01CAB96F24926D1000D2FC89 /* UIColor */ = {
			isa = PBXGroup;
			children = (
				01CAB97024926D1000D2FC89 /* UIColor+Category.h */,
				01CAB97124926D1000D2FC89 /* UIColor+Category.m */,
			);
			path = UIColor;
			sourceTree = "<group>";
		};
		01CAB97224926D1000D2FC89 /* UIAlertController */ = {
			isa = PBXGroup;
			children = (
				01CAB97424926D1000D2FC89 /* UIAlertController+Category.h */,
				01CAB97324926D1000D2FC89 /* UIAlertController+Category.m */,
			);
			path = UIAlertController;
			sourceTree = "<group>";
		};
		01CAB97524926D1000D2FC89 /* UIBarButtonItem */ = {
			isa = PBXGroup;
			children = (
				01CAB97724926D1000D2FC89 /* UIBarButtonItem+Category.h */,
				01CAB97624926D1000D2FC89 /* UIBarButtonItem+Category.m */,
			);
			path = UIBarButtonItem;
			sourceTree = "<group>";
		};
		01CAB97824926D1000D2FC89 /* NSString */ = {
			isa = PBXGroup;
			children = (
				01CAB97924926D1000D2FC89 /* NSString+Category.h */,
				01CAB97A24926D1000D2FC89 /* NSString+Category.m */,
			);
			path = NSString;
			sourceTree = "<group>";
		};
		01CAB97B24926D1000D2FC89 /* UINavigationController */ = {
			isa = PBXGroup;
			children = (
				01CAB97D24926D1000D2FC89 /* UINavigationController+Category.h */,
				01CAB97C24926D1000D2FC89 /* UINavigationController+Category.m */,
			);
			path = UINavigationController;
			sourceTree = "<group>";
		};
		01CAB97E24926D1000D2FC89 /* NSArray */ = {
			isa = PBXGroup;
			children = (
				01CAB98024926D1000D2FC89 /* NSArray+Safe.h */,
				01CAB98224926D1000D2FC89 /* NSArray+Safe.m */,
				01CAB98124926D1000D2FC89 /* NSMutableArray+Safe.h */,
				01CAB97F24926D1000D2FC89 /* NSMutableArray+Safe.m */,
			);
			path = NSArray;
			sourceTree = "<group>";
		};
		01CAB98B24926E0F00D2FC89 /* PrefixHeaderDefine */ = {
			isa = PBXGroup;
			children = (
				01CAB98F2492710100D2FC89 /* RiceGrainPrefixHeader.pch */,
				01CAB98C24926E2500D2FC89 /* UserdefaultsDefine.h */,
				01CAB98D24926E5900D2FC89 /* NotificationDefine.h */,
				01CAB98E24926EA700D2FC89 /* SimpleWriteDeifne.h */,
				0193D8CF2499F250004A4263 /* ThirdPartService.h */,
				0123C0FB24A5FE38003F7DF9 /* ManagerDefine.h */,
			);
			path = PrefixHeaderDefine;
			sourceTree = "<group>";
		};
		01CAB9AD24988F0500D2FC89 /* WebController */ = {
			isa = PBXGroup;
			children = (
				01CAB9AE24988F2F00D2FC89 /* WebViewController.h */,
				01CAB9AF24988F2F00D2FC89 /* WebViewController.m */,
				01CAB9B024988F2F00D2FC89 /* WebViewController.xib */,
			);
			path = WebController;
			sourceTree = "<group>";
		};
		01CAB9B32498930500D2FC89 /* BaseNavigationController */ = {
			isa = PBXGroup;
			children = (
				01CAB9B52498937D00D2FC89 /* BaseNavigationController.h */,
				01CAB9B62498937D00D2FC89 /* BaseNavigationController.m */,
			);
			path = BaseNavigationController;
			sourceTree = "<group>";
		};
		01CAB9BD2498954000D2FC89 /* BaseTabBarController */ = {
			isa = PBXGroup;
			children = (
				01CAB9BF2498954000D2FC89 /* BaseTabBarController.h */,
				01CAB9C02498954000D2FC89 /* BaseTabBarController.m */,
				0193D8CA24992E33004A4263 /* TabBarView.h */,
				0193D8C924992E33004A4263 /* TabBarView.m */,
				0193D8CD2499D2D5004A4263 /* TabBarView.xib */,
			);
			path = BaseTabBarController;
			sourceTree = "<group>";
		};
		01CAB9C52498975000D2FC89 /* HomePage */ = {
			isa = PBXGroup;
			children = (
				0123C0E024A5BDCF003F7DF9 /* MerchantHomePage */,
				01CAB9C92498977000D2FC89 /* HomePageController.h */,
				01CAB9CA2498977000D2FC89 /* HomePageController.m */,
				01CAB9CB2498977000D2FC89 /* HomePageController.xib */,
				0123C0C624A2FC3C003F7DF9 /* MerchantsTableViewCell.h */,
				0123C0C724A2FC3C003F7DF9 /* MerchantsTableViewCell.m */,
				0123C0C824A2FC3C003F7DF9 /* MerchantsTableViewCell.xib */,
				0123C0DB24A5A07D003F7DF9 /* HomePageHeaderView.h */,
				0123C0DC24A5A07D003F7DF9 /* HomePageHeaderView.m */,
				0123C0DE24A5A0B1003F7DF9 /* HomePageHeaderView.xib */,
			);
			path = HomePage;
			sourceTree = "<group>";
		};
		01CAB9C62498975000D2FC89 /* Discover */ = {
			isa = PBXGroup;
			children = (
				01CAB9CE2498978100D2FC89 /* DiscoverController.h */,
				01CAB9CF2498978100D2FC89 /* DiscoverController.m */,
				01CAB9D02498978100D2FC89 /* DiscoverController.xib */,
			);
			path = Discover;
			sourceTree = "<group>";
		};
		01CAB9C72498975000D2FC89 /* Order */ = {
			isa = PBXGroup;
			children = (
				01CAB9D82498979F00D2FC89 /* OrderController.h */,
				01CAB9D92498979F00D2FC89 /* OrderController.m */,
				01CAB9DA2498979F00D2FC89 /* OrderController.xib */,
			);
			path = Order;
			sourceTree = "<group>";
		};
		01CAB9C82498975000D2FC89 /* Mine */ = {
			isa = PBXGroup;
			children = (
				016CF02924A254C400BD553A /* RidersSettled */,
				016CF02324A2333600BD553A /* MerchantsSettled */,
				016CF01D24A22DCB00BD553A /* InviteFriend */,
				01F0513C24A0E95D00879F68 /* MyMessages */,
				01F0513624A0E2F200879F68 /* Settings */,
				01F0512B24A0348000879F68 /* MyCollection */,
				015BEC3D249A3285003F5833 /* MyAddress */,
				01631770249C516A0032EF44 /* Feedback */,
				01CAB9D32498979200D2FC89 /* MineController.h */,
				01CAB9D42498979200D2FC89 /* MineController.m */,
				01CAB9D52498979200D2FC89 /* MineController.xib */,
				016CF00A24A21DA500BD553A /* MineTableViewCell.h */,
				016CF00824A21DA500BD553A /* MineTableViewCell.m */,
				016CF00924A21DA500BD553A /* MineTableViewCell.xib */,
			);
			path = Mine;
			sourceTree = "<group>";
		};
		01F05112249F3B7A00879F68 /* BindPhoneNumber */ = {
			isa = PBXGroup;
			children = (
				01F05113249F3B8C00879F68 /* BindPhoneNumberController.h */,
				01F05114249F3B8C00879F68 /* BindPhoneNumberController.m */,
				01F05115249F3B8C00879F68 /* BindPhoneNumberController.xib */,
			);
			path = BindPhoneNumber;
			sourceTree = "<group>";
		};
		01F0511A249F74DB00879F68 /* AccountLogin */ = {
			isa = PBXGroup;
			children = (
				01F0511B249F74DB00879F68 /* FrogetPassword */,
				01F0511C249F750C00879F68 /* AccoundLoginController.h */,
				01F0511D249F750C00879F68 /* AccoundLoginController.m */,
				01F0511E249F750C00879F68 /* AccoundLoginController.xib */,
			);
			path = AccountLogin;
			sourceTree = "<group>";
		};
		01F0511B249F74DB00879F68 /* FrogetPassword */ = {
			isa = PBXGroup;
			children = (
				01F05121249F7E3500879F68 /* ForgetPasswordController.h */,
				01F05122249F7E3500879F68 /* ForgetPasswordController.m */,
				01F05123249F7E3500879F68 /* ForgetPasswordController.xib */,
				01F05126249F833D00879F68 /* SetNewPasswordController.h */,
				01F05127249F833D00879F68 /* SetNewPasswordController.m */,
				01F05128249F833D00879F68 /* SetNewPasswordController.xib */,
			);
			path = FrogetPassword;
			sourceTree = "<group>";
		};
		01F0512B24A0348000879F68 /* MyCollection */ = {
			isa = PBXGroup;
			children = (
				01F0512C24A0349700879F68 /* MyCollectionController.h */,
				01F0512D24A0349700879F68 /* MyCollectionController.m */,
				01F0512E24A0349700879F68 /* MyCollectionController.xib */,
				01F0513124A0360C00879F68 /* MyCollectionCell.h */,
				01F0513224A0360C00879F68 /* MyCollectionCell.m */,
				01F0513324A0360C00879F68 /* MyCollectionCell.xib */,
			);
			path = MyCollection;
			sourceTree = "<group>";
		};
		01F0513624A0E2F200879F68 /* Settings */ = {
			isa = PBXGroup;
			children = (
				016CF00D24A21F9A00BD553A /* AccountSafety */,
				01F0513724A0E81600879F68 /* SettingsController.h */,
				01F0513824A0E81600879F68 /* SettingsController.m */,
				01F0513924A0E81600879F68 /* SettingsController.xib */,
			);
			path = Settings;
			sourceTree = "<group>";
		};
		01F0513C24A0E95D00879F68 /* MyMessages */ = {
			isa = PBXGroup;
			children = (
				01F0513D24A0E97000879F68 /* MyMessagesController.h */,
				01F0513E24A0E97000879F68 /* MyMessagesController.m */,
				01F0513F24A0E97000879F68 /* MyMessagesController.xib */,
				01F0514224A0EDB900879F68 /* MyMessagesCell.h */,
				01F0514324A0EDB900879F68 /* MyMessagesCell.m */,
				01F0514424A0EDB900879F68 /* MyMessagesCell.xib */,
			);
			path = MyMessages;
			sourceTree = "<group>";
		};
		3E7FE0A61359E1F0F10607ED /* Frameworks */ = {
			isa = PBXGroup;
			children = (
				1C0C763335636495401F501E /* libPods-RiceGrain.a */,
			);
			name = Frameworks;
			sourceTree = "<group>";
		};
		FE3D5557140B90A1DB76DCCD /* Pods */ = {
			isa = PBXGroup;
			children = (
				95970A122375234BA9E6F56D /* Pods-RiceGrain.debug.xcconfig */,
				FC8CF6FA10E303E01C56C4EB /* Pods-RiceGrain.release.xcconfig */,
			);
			path = Pods;
			sourceTree = "<group>";
		};
/* End PBXGroup section */

/* Begin PBXNativeTarget section */
		01CAB92D24926AD300D2FC89 /* RiceGrain */ = {
			isa = PBXNativeTarget;
			buildConfigurationList = 01CAB94724926AD400D2FC89 /* Build configuration list for PBXNativeTarget "RiceGrain" */;
			buildPhases = (
				03554E8F89077134772EF922 /* [CP] Check Pods Manifest.lock */,
				01CAB92A24926AD300D2FC89 /* Sources */,
				01CAB92B24926AD300D2FC89 /* Frameworks */,
				01CAB92C24926AD300D2FC89 /* Resources */,
				73CF006FD8F80685C8462B5A /* [CP] Copy Pods Resources */,
			);
			buildRules = (
			);
			dependencies = (
			);
			name = RiceGrain;
			productName = RiceGrain;
			productReference = 01CAB92E24926AD300D2FC89 /* RiceGrain.app */;
			productType = "com.apple.product-type.application";
		};
/* End PBXNativeTarget section */

/* Begin PBXProject section */
		01CAB92624926AD300D2FC89 /* Project object */ = {
			isa = PBXProject;
			attributes = {
				LastUpgradeCheck = 1150;
				ORGANIZATIONNAME = None;
				TargetAttributes = {
					01CAB92D24926AD300D2FC89 = {
						CreatedOnToolsVersion = 11.5;
					};
				};
			};
			buildConfigurationList = 01CAB92924926AD300D2FC89 /* Build configuration list for PBXProject "RiceGrain" */;
			compatibilityVersion = "Xcode 9.3";
			developmentRegion = en;
			hasScannedForEncodings = 0;
			knownRegions = (
				en,
				Base,
			);
			mainGroup = 01CAB92524926AD300D2FC89;
			productRefGroup = 01CAB92F24926AD300D2FC89 /* Products */;
			projectDirPath = "";
			projectRoot = "";
			targets = (
				01CAB92D24926AD300D2FC89 /* RiceGrain */,
			);
		};
/* End PBXProject section */

/* Begin PBXResourcesBuildPhase section */
		01CAB92C24926AD300D2FC89 /* Resources */ = {
			isa = PBXResourcesBuildPhase;
			buildActionMask = 2147483647;
			files = (
				01C104F324AB25C100708B34 /* OrderShopCell.xib in Resources */,
				0163176F249C3E020032EF44 /* AddNewAddressController.xib in Resources */,
				0193D8C2249919F4004A4263 /* Main.storyboard in Resources */,
				01C104EE24AAE4D300708B34 /* OrderAddressCell.xib in Resources */,
				01F0512A249F833D00879F68 /* SetNewPasswordController.xib in Resources */,
				01C1050724AB460A00708B34 /* OrderPaymentTypeCell.xib in Resources */,
				0123C0EA24A5D6BF003F7DF9 /* ShoppingCartView.xib in Resources */,
				01C104CF24AA0DFE00708B34 /* MerchantLeftImageCell.xib in Resources */,
				01CAB9D72498979200D2FC89 /* MineController.xib in Resources */,
				01CAB9B224988F2F00D2FC89 /* WebViewController.xib in Resources */,
				01CAB95424926C1500D2FC89 /* LaunchScreen.storyboard in Resources */,
				016CF00C24A21DA500BD553A /* MineTableViewCell.xib in Resources */,
				0123C0FA24A5FD37003F7DF9 /* ShoppingCartGoodsCell.xib in Resources */,
				01C104E324AA43CA00708B34 /* MerchantSectionTitleHeaderView.xib in Resources */,
				0123C0CA24A2FC3C003F7DF9 /* MerchantsTableViewCell.xib in Resources */,
				016CF02824A2334500BD553A /* MerchantsSettledController.xib in Resources */,
				01F0513524A0360C00879F68 /* MyCollectionCell.xib in Resources */,
				01CAB93E24926AD400D2FC89 /* Assets.xcassets in Resources */,
				016CF01C24A2234000BD553A /* PhoneNumberChangeController.xib in Resources */,
				01C1050224AB349A00708B34 /* OrderRemarksCell.xib in Resources */,
				01631781249DB37E0032EF44 /* RegistController.xib in Resources */,
				01C104D924AA1A0B00708B34 /* MerchantPromptMessageCell.xib in Resources */,
				01F0514624A0EDB900879F68 /* MyMessagesCell.xib in Resources */,
				01CAB9DC2498979F00D2FC89 /* OrderController.xib in Resources */,
				016CF01724A220DC00BD553A /* IdentifierVerifyController.xib in Resources */,
				01C104DE24AA3D0D00708B34 /* MerchantGoodsListCell.xib in Resources */,
				01C104FD24AB2C6300708B34 /* OrderAccountsCell.xib in Resources */,
				01F0514124A0E97000879F68 /* MyMessagesController.xib in Resources */,
				01F0513B24A0E81600879F68 /* SettingsController.xib in Resources */,
				0193D8CE2499D2D5004A4263 /* TabBarView.xib in Resources */,
				01CAB9CD2498977000D2FC89 /* HomePageController.xib in Resources */,
				015BEC42249A3299003F5833 /* MyAddressController.xib in Resources */,
				01F05117249F3B8C00879F68 /* BindPhoneNumberController.xib in Resources */,
				015BEC47249A3847003F5833 /* MyAddressCell.xib in Resources */,
				01C104E924AADE4300708B34 /* OrderSettlementController.xib in Resources */,
				01C104D424AA0E1900708B34 /* MerchantRightImageCell.xib in Resources */,
				016CF01224A21FAA00BD553A /* AccountSafetyController.xib in Resources */,
				01631775249C51850032EF44 /* FeedbackController.xib in Resources */,
				016CF02224A22DE000BD553A /* InviteFriendController.xib in Resources */,
				0123C0DF24A5A0B1003F7DF9 /* HomePageHeaderView.xib in Resources */,
				0123C0E524A5BE02003F7DF9 /* MerchantHomePageController.xib in Resources */,
				01C104F824AB288D00708B34 /* OrderGoodsCell.xib in Resources */,
				01F05120249F750C00879F68 /* AccoundLoginController.xib in Resources */,
				01F0513024A0349700879F68 /* MyCollectionController.xib in Resources */,
				01F05125249F7E3500879F68 /* ForgetPasswordController.xib in Resources */,
				0163177B249DAAB00032EF44 /* LoginController.xib in Resources */,
				01CAB9D22498978100D2FC89 /* DiscoverController.xib in Resources */,
				016CF03324A2558C00BD553A /* RidersSettledController.xib in Resources */,
			);
			runOnlyForDeploymentPostprocessing = 0;
		};
/* End PBXResourcesBuildPhase section */

/* Begin PBXShellScriptBuildPhase section */
		03554E8F89077134772EF922 /* [CP] Check Pods Manifest.lock */ = {
			isa = PBXShellScriptBuildPhase;
			buildActionMask = 2147483647;
			files = (
			);
			inputFileListPaths = (
			);
			inputPaths = (
				"${PODS_PODFILE_DIR_PATH}/Podfile.lock",
				"${PODS_ROOT}/Manifest.lock",
			);
			name = "[CP] Check Pods Manifest.lock";
			outputFileListPaths = (
			);
			outputPaths = (
				"$(DERIVED_FILE_DIR)/Pods-RiceGrain-checkManifestLockResult.txt",
			);
			runOnlyForDeploymentPostprocessing = 0;
			shellPath = /bin/sh;
			shellScript = "diff \"${PODS_PODFILE_DIR_PATH}/Podfile.lock\" \"${PODS_ROOT}/Manifest.lock\" > /dev/null\nif [ $? != 0 ] ; then\n    # print error to STDERR\n    echo \"error: The sandbox is not in sync with the Podfile.lock. Run 'pod install' or update your CocoaPods installation.\" >&2\n    exit 1\nfi\n# This output is used by Xcode 'outputs' to avoid re-running this script phase.\necho \"SUCCESS\" > \"${SCRIPT_OUTPUT_FILE_0}\"\n";
			showEnvVarsInLog = 0;
		};
		73CF006FD8F80685C8462B5A /* [CP] Copy Pods Resources */ = {
			isa = PBXShellScriptBuildPhase;
			buildActionMask = 2147483647;
			files = (
			);
			inputFileListPaths = (
				"${PODS_ROOT}/Target Support Files/Pods-RiceGrain/Pods-RiceGrain-resources-${CONFIGURATION}-input-files.xcfilelist",
			);
			name = "[CP] Copy Pods Resources";
			outputFileListPaths = (
				"${PODS_ROOT}/Target Support Files/Pods-RiceGrain/Pods-RiceGrain-resources-${CONFIGURATION}-output-files.xcfilelist",
			);
			runOnlyForDeploymentPostprocessing = 0;
			shellPath = /bin/sh;
			shellScript = "\"${PODS_ROOT}/Target Support Files/Pods-RiceGrain/Pods-RiceGrain-resources.sh\"\n";
			showEnvVarsInLog = 0;
		};
/* End PBXShellScriptBuildPhase section */

/* Begin PBXSourcesBuildPhase section */
		01CAB92A24926AD300D2FC89 /* Sources */ = {
			isa = PBXSourcesBuildPhase;
			buildActionMask = 2147483647;
			files = (
				015BEC46249A3847003F5833 /* MyAddressCell.m in Sources */,
				0193D8CC24992E34004A4263 /* TabBarView.m in Sources */,
				01CAB98624926D1000D2FC89 /* NSString+Category.m in Sources */,
				01CAB98924926D1000D2FC89 /* NSArray+Safe.m in Sources */,
				01631780249DB37E0032EF44 /* RegistController.m in Sources */,
				0163177A249DAAB00032EF44 /* LoginController.m in Sources */,
				01C104D824AA1A0B00708B34 /* MerchantPromptMessageCell.m in Sources */,
				015BEC41249A3299003F5833 /* MyAddressController.m in Sources */,
				01C104F724AB288D00708B34 /* OrderGoodsCell.m in Sources */,
				01C104F224AB25C100708B34 /* OrderShopCell.m in Sources */,
				01C104FC24AB2C6300708B34 /* OrderAccountsCell.m in Sources */,
				01F05116249F3B8C00879F68 /* BindPhoneNumberController.m in Sources */,
				0163176E249C3E020032EF44 /* AddNewAddressController.m in Sources */,
				01C1050624AB460A00708B34 /* OrderPaymentTypeCell.m in Sources */,
				016CF01B24A2234000BD553A /* PhoneNumberChangeController.m in Sources */,
				01C104D324AA0E1900708B34 /* MerchantRightImageCell.m in Sources */,
				016CF03224A2558C00BD553A /* RidersSettledController.m in Sources */,
				016CF00B24A21DA500BD553A /* MineTableViewCell.m in Sources */,
				01CAB9B124988F2F00D2FC89 /* WebViewController.m in Sources */,
				0123C0F524A5FBBA003F7DF9 /* ShoppingCartListModel.m in Sources */,
				01CAB9D12498978100D2FC89 /* DiscoverController.m in Sources */,
				015BEC4D249AEF54003F5833 /* MyAddressModel.m in Sources */,
				0123C0F924A5FD37003F7DF9 /* ShoppingCartGoodsCell.m in Sources */,
				01CAB95024926B1E00D2FC89 /* AppDelegate.m in Sources */,
				01C104DD24AA3D0D00708B34 /* MerchantGoodsListCell.m in Sources */,
				01F05124249F7E3500879F68 /* ForgetPasswordController.m in Sources */,
				01CAB98424926D1000D2FC89 /* UIAlertController+Category.m in Sources */,
				01F05129249F833D00879F68 /* SetNewPasswordController.m in Sources */,
				01C104E124AA43BB00708B34 /* MerchantSectionTitleHeaderView.m in Sources */,
				01CAB98524926D1000D2FC89 /* UIBarButtonItem+Category.m in Sources */,
				01CAB95524926C1500D2FC89 /* main.m in Sources */,
				01F0514524A0EDB900879F68 /* MyMessagesCell.m in Sources */,
				01F0511F249F750C00879F68 /* AccoundLoginController.m in Sources */,
				0123C0E424A5BE02003F7DF9 /* MerchantHomePageController.m in Sources */,
				01CAB9D62498979200D2FC89 /* MineController.m in Sources */,
				01C1050124AB349A00708B34 /* OrderRemarksCell.m in Sources */,
				01C104E824AADE4300708B34 /* OrderSettlementController.m in Sources */,
				016CF01624A220DC00BD553A /* IdentifierVerifyController.m in Sources */,
				01F0514024A0E97000879F68 /* MyMessagesController.m in Sources */,
				0123C0F224A5FB29003F7DF9 /* ShoppingCartListManager.m in Sources */,
				01C104ED24AAE4D300708B34 /* OrderAddressCell.m in Sources */,
				01F0513A24A0E81600879F68 /* SettingsController.m in Sources */,
				01CAB9CC2498977000D2FC89 /* HomePageController.m in Sources */,
				0123C0C924A2FC3C003F7DF9 /* MerchantsTableViewCell.m in Sources */,
				0123C0DD24A5A07D003F7DF9 /* HomePageHeaderView.m in Sources */,
				01631774249C51850032EF44 /* FeedbackController.m in Sources */,
				016CF02124A22DE000BD553A /* InviteFriendController.m in Sources */,
				01CAB98824926D1000D2FC89 /* NSMutableArray+Safe.m in Sources */,
				01CAB9B72498937D00D2FC89 /* BaseNavigationController.m in Sources */,
				01CAB9DB2498979F00D2FC89 /* OrderController.m in Sources */,
				016CF01124A21FAA00BD553A /* AccountSafetyController.m in Sources */,
				01C104CE24AA0DFE00708B34 /* MerchantLeftImageCell.m in Sources */,
				01CAB9C22498954000D2FC89 /* BaseTabBarController.m in Sources */,
				01CAB98724926D1000D2FC89 /* UINavigationController+Category.m in Sources */,
				01F0512F24A0349700879F68 /* MyCollectionController.m in Sources */,
				01CAB94F24926B1E00D2FC89 /* SceneDelegate.m in Sources */,
				016CF02724A2334500BD553A /* MerchantsSettledController.m in Sources */,
				01CAB98324926D1000D2FC89 /* UIColor+Category.m in Sources */,
				01F0513424A0360C00879F68 /* MyCollectionCell.m in Sources */,
				0123C0E824A5D6AE003F7DF9 /* ShoppingCartView.m in Sources */,
			);
			runOnlyForDeploymentPostprocessing = 0;
		};
/* End PBXSourcesBuildPhase section */

/* Begin XCBuildConfiguration section */
		01CAB94524926AD400D2FC89 /* Debug */ = {
			isa = XCBuildConfiguration;
			buildSettings = {
				ALWAYS_SEARCH_USER_PATHS = NO;
				CLANG_ANALYZER_NONNULL = YES;
				CLANG_ANALYZER_NUMBER_OBJECT_CONVERSION = YES_AGGRESSIVE;
				CLANG_CXX_LANGUAGE_STANDARD = "gnu++14";
				CLANG_CXX_LIBRARY = "libc++";
				CLANG_ENABLE_MODULES = YES;
				CLANG_ENABLE_OBJC_ARC = YES;
				CLANG_ENABLE_OBJC_WEAK = YES;
				CLANG_WARN_BLOCK_CAPTURE_AUTORELEASING = YES;
				CLANG_WARN_BOOL_CONVERSION = YES;
				CLANG_WARN_COMMA = YES;
				CLANG_WARN_CONSTANT_CONVERSION = YES;
				CLANG_WARN_DEPRECATED_OBJC_IMPLEMENTATIONS = YES;
				CLANG_WARN_DIRECT_OBJC_ISA_USAGE = YES_ERROR;
				CLANG_WARN_DOCUMENTATION_COMMENTS = YES;
				CLANG_WARN_EMPTY_BODY = YES;
				CLANG_WARN_ENUM_CONVERSION = YES;
				CLANG_WARN_INFINITE_RECURSION = YES;
				CLANG_WARN_INT_CONVERSION = YES;
				CLANG_WARN_NON_LITERAL_NULL_CONVERSION = YES;
				CLANG_WARN_OBJC_IMPLICIT_RETAIN_SELF = YES;
				CLANG_WARN_OBJC_LITERAL_CONVERSION = YES;
				CLANG_WARN_OBJC_ROOT_CLASS = YES_ERROR;
				CLANG_WARN_RANGE_LOOP_ANALYSIS = YES;
				CLANG_WARN_STRICT_PROTOTYPES = YES;
				CLANG_WARN_SUSPICIOUS_MOVE = YES;
				CLANG_WARN_UNGUARDED_AVAILABILITY = YES_AGGRESSIVE;
				CLANG_WARN_UNREACHABLE_CODE = YES;
				CLANG_WARN__DUPLICATE_METHOD_MATCH = YES;
				COPY_PHASE_STRIP = NO;
				DEBUG_INFORMATION_FORMAT = dwarf;
				ENABLE_STRICT_OBJC_MSGSEND = YES;
				ENABLE_TESTABILITY = YES;
				GCC_C_LANGUAGE_STANDARD = gnu11;
				GCC_DYNAMIC_NO_PIC = NO;
				GCC_NO_COMMON_BLOCKS = YES;
				GCC_OPTIMIZATION_LEVEL = 0;
				GCC_PREPROCESSOR_DEFINITIONS = (
					"DEBUG=1",
					"$(inherited)",
				);
				GCC_WARN_64_TO_32_BIT_CONVERSION = YES;
				GCC_WARN_ABOUT_RETURN_TYPE = YES_ERROR;
				GCC_WARN_UNDECLARED_SELECTOR = YES;
				GCC_WARN_UNINITIALIZED_AUTOS = YES_AGGRESSIVE;
				GCC_WARN_UNUSED_FUNCTION = YES;
				GCC_WARN_UNUSED_VARIABLE = YES;
				IPHONEOS_DEPLOYMENT_TARGET = 13.5;
				MTL_ENABLE_DEBUG_INFO = INCLUDE_SOURCE;
				MTL_FAST_MATH = YES;
				ONLY_ACTIVE_ARCH = YES;
				SDKROOT = iphoneos;
			};
			name = Debug;
		};
		01CAB94624926AD400D2FC89 /* Release */ = {
			isa = XCBuildConfiguration;
			buildSettings = {
				ALWAYS_SEARCH_USER_PATHS = NO;
				CLANG_ANALYZER_NONNULL = YES;
				CLANG_ANALYZER_NUMBER_OBJECT_CONVERSION = YES_AGGRESSIVE;
				CLANG_CXX_LANGUAGE_STANDARD = "gnu++14";
				CLANG_CXX_LIBRARY = "libc++";
				CLANG_ENABLE_MODULES = YES;
				CLANG_ENABLE_OBJC_ARC = YES;
				CLANG_ENABLE_OBJC_WEAK = YES;
				CLANG_WARN_BLOCK_CAPTURE_AUTORELEASING = YES;
				CLANG_WARN_BOOL_CONVERSION = YES;
				CLANG_WARN_COMMA = YES;
				CLANG_WARN_CONSTANT_CONVERSION = YES;
				CLANG_WARN_DEPRECATED_OBJC_IMPLEMENTATIONS = YES;
				CLANG_WARN_DIRECT_OBJC_ISA_USAGE = YES_ERROR;
				CLANG_WARN_DOCUMENTATION_COMMENTS = YES;
				CLANG_WARN_EMPTY_BODY = YES;
				CLANG_WARN_ENUM_CONVERSION = YES;
				CLANG_WARN_INFINITE_RECURSION = YES;
				CLANG_WARN_INT_CONVERSION = YES;
				CLANG_WARN_NON_LITERAL_NULL_CONVERSION = YES;
				CLANG_WARN_OBJC_IMPLICIT_RETAIN_SELF = YES;
				CLANG_WARN_OBJC_LITERAL_CONVERSION = YES;
				CLANG_WARN_OBJC_ROOT_CLASS = YES_ERROR;
				CLANG_WARN_RANGE_LOOP_ANALYSIS = YES;
				CLANG_WARN_STRICT_PROTOTYPES = YES;
				CLANG_WARN_SUSPICIOUS_MOVE = YES;
				CLANG_WARN_UNGUARDED_AVAILABILITY = YES_AGGRESSIVE;
				CLANG_WARN_UNREACHABLE_CODE = YES;
				CLANG_WARN__DUPLICATE_METHOD_MATCH = YES;
				COPY_PHASE_STRIP = NO;
				DEBUG_INFORMATION_FORMAT = "dwarf-with-dsym";
				ENABLE_NS_ASSERTIONS = NO;
				ENABLE_STRICT_OBJC_MSGSEND = YES;
				GCC_C_LANGUAGE_STANDARD = gnu11;
				GCC_NO_COMMON_BLOCKS = YES;
				GCC_WARN_64_TO_32_BIT_CONVERSION = YES;
				GCC_WARN_ABOUT_RETURN_TYPE = YES_ERROR;
				GCC_WARN_UNDECLARED_SELECTOR = YES;
				GCC_WARN_UNINITIALIZED_AUTOS = YES_AGGRESSIVE;
				GCC_WARN_UNUSED_FUNCTION = YES;
				GCC_WARN_UNUSED_VARIABLE = YES;
				IPHONEOS_DEPLOYMENT_TARGET = 13.5;
				MTL_ENABLE_DEBUG_INFO = NO;
				MTL_FAST_MATH = YES;
				SDKROOT = iphoneos;
				VALIDATE_PRODUCT = YES;
			};
			name = Release;
		};
		01CAB94824926AD400D2FC89 /* Debug */ = {
			isa = XCBuildConfiguration;
			baseConfigurationReference = 95970A122375234BA9E6F56D /* Pods-RiceGrain.debug.xcconfig */;
			buildSettings = {
				ASSETCATALOG_COMPILER_APPICON_NAME = AppIcon;
				CODE_SIGN_IDENTITY = "Apple Development";
				CODE_SIGN_STYLE = Automatic;
				DEVELOPMENT_TEAM = 3U7F4XSD2B;
				GCC_PREFIX_HEADER = "$(SRCROOT)/RiceGrain/PrefixHeaderDefine/RiceGrainPrefixHeader.pch";
				INFOPLIST_FILE = "$(SRCROOT)/RiceGrain/Supporting files/Info.plist";
				IPHONEOS_DEPLOYMENT_TARGET = 11.0;
				LD_RUNPATH_SEARCH_PATHS = (
					"$(inherited)",
					"@executable_path/Frameworks",
				);
				PRODUCT_BUNDLE_IDENTIFIER = RiceGrain;
				PRODUCT_NAME = "$(TARGET_NAME)";
				PROVISIONING_PROFILE_SPECIFIER = "";
				TARGETED_DEVICE_FAMILY = 1;
			};
			name = Debug;
		};
		01CAB94924926AD400D2FC89 /* Release */ = {
			isa = XCBuildConfiguration;
			baseConfigurationReference = FC8CF6FA10E303E01C56C4EB /* Pods-RiceGrain.release.xcconfig */;
			buildSettings = {
				ASSETCATALOG_COMPILER_APPICON_NAME = AppIcon;
				CODE_SIGN_IDENTITY = "Apple Development";
				CODE_SIGN_STYLE = Automatic;
				DEVELOPMENT_TEAM = 3U7F4XSD2B;
				GCC_PREFIX_HEADER = "$(SRCROOT)/RiceGrain/PrefixHeaderDefine/RiceGrainPrefixHeader.pch";
				INFOPLIST_FILE = "$(SRCROOT)/RiceGrain/Supporting files/Info.plist";
				IPHONEOS_DEPLOYMENT_TARGET = 11.0;
				LD_RUNPATH_SEARCH_PATHS = (
					"$(inherited)",
					"@executable_path/Frameworks",
				);
				PRODUCT_BUNDLE_IDENTIFIER = RiceGrain;
				PRODUCT_NAME = "$(TARGET_NAME)";
				PROVISIONING_PROFILE_SPECIFIER = "";
				TARGETED_DEVICE_FAMILY = 1;
			};
			name = Release;
		};
/* End XCBuildConfiguration section */

/* Begin XCConfigurationList section */
		01CAB92924926AD300D2FC89 /* Build configuration list for PBXProject "RiceGrain" */ = {
			isa = XCConfigurationList;
			buildConfigurations = (
				01CAB94524926AD400D2FC89 /* Debug */,
				01CAB94624926AD400D2FC89 /* Release */,
			);
			defaultConfigurationIsVisible = 0;
			defaultConfigurationName = Release;
		};
		01CAB94724926AD400D2FC89 /* Build configuration list for PBXNativeTarget "RiceGrain" */ = {
			isa = XCConfigurationList;
			buildConfigurations = (
				01CAB94824926AD400D2FC89 /* Debug */,
				01CAB94924926AD400D2FC89 /* Release */,
			);
			defaultConfigurationIsVisible = 0;
			defaultConfigurationName = Release;
		};
/* End XCConfigurationList section */
	};
	rootObject = 01CAB92624926AD300D2FC89 /* Project object */;
}
