// !$*UTF8*$!
{
	archiveVersion = 1;
	classes = {
	};
	objectVersion = 50;
	objects = {

/* Begin PBXBuildFile section */
		01A2B08E225EE09400DA3C3A /* AppDelegate.m in Sources */ = {isa = PBXBuildFile; fileRef = 01A2B08D225EE09400DA3C3A /* AppDelegate.m */; };
		01A2B094225EE09400DA3C3A /* Main.storyboard in Resources */ = {isa = PBXBuildFile; fileRef = 01A2B092225EE09400DA3C3A /* Main.storyboard */; };
		01A2B097225EE09400DA3C3A /* ____.xcdatamodeld in Sources */ = {isa = PBXBuildFile; fileRef = 01A2B095225EE09400DA3C3A /* ____.xcdatamodeld */; };
		01A2B099225EE09600DA3C3A /* Assets.xcassets in Resources */ = {isa = PBXBuildFile; fileRef = 01A2B098225EE09600DA3C3A /* Assets.xcassets */; };
		01A2B09C225EE09600DA3C3A /* LaunchScreen.storyboard in Resources */ = {isa = PBXBuildFile; fileRef = 01A2B09A225EE09600DA3C3A /* LaunchScreen.storyboard */; };
		01A2B09F225EE09600DA3C3A /* main.m in Sources */ = {isa = PBXBuildFile; fileRef = 01A2B09E225EE09600DA3C3A /* main.m */; };
		01A2B0A9225EE09600DA3C3A /* ____Tests.m in Sources */ = {isa = PBXBuildFile; fileRef = 01A2B0A8225EE09600DA3C3A /* ____Tests.m */; };
		01A2B0B4225EE09600DA3C3A /* ____UITests.m in Sources */ = {isa = PBXBuildFile; fileRef = 01A2B0B3225EE09600DA3C3A /* ____UITests.m */; };
		01A2B0C5225EE22A00DA3C3A /* PresentTransitionAnimator.m in Sources */ = {isa = PBXBuildFile; fileRef = 01A2B0C4225EE22A00DA3C3A /* PresentTransitionAnimator.m */; };
		01A2B0C8225EE23A00DA3C3A /* PushTransitionAnimator.m in Sources */ = {isa = PBXBuildFile; fileRef = 01A2B0C7225EE23A00DA3C3A /* PushTransitionAnimator.m */; };
		01A2B0D1225EE68200DA3C3A /* HomePageViewController.m in Sources */ = {isa = PBXBuildFile; fileRef = 01A2B0CF225EE68200DA3C3A /* HomePageViewController.m */; };
		01A2B0D6225EEDB700DA3C3A /* NextViewController.m in Sources */ = {isa = PBXBuildFile; fileRef = 01A2B0D4225EEDB700DA3C3A /* NextViewController.m */; };
		01A2B0D7225EEDB700DA3C3A /* NextViewController.xib in Resources */ = {isa = PBXBuildFile; fileRef = 01A2B0D5225EEDB700DA3C3A /* NextViewController.xib */; };
/* End PBXBuildFile section */

/* Begin PBXContainerItemProxy section */
		01A2B0A5225EE09600DA3C3A /* PBXContainerItemProxy */ = {
			isa = PBXContainerItemProxy;
			containerPortal = 01A2B081225EE09400DA3C3A /* Project object */;
			proxyType = 1;
			remoteGlobalIDString = 01A2B088225EE09400DA3C3A;
			remoteInfo = "转场动画";
		};
		01A2B0B0225EE09600DA3C3A /* PBXContainerItemProxy */ = {
			isa = PBXContainerItemProxy;
			containerPortal = 01A2B081225EE09400DA3C3A /* Project object */;
			proxyType = 1;
			remoteGlobalIDString = 01A2B088225EE09400DA3C3A;
			remoteInfo = "转场动画";
		};
/* End PBXContainerItemProxy section */

/* Begin PBXFileReference section */
		01A2B089225EE09400DA3C3A /* 转场动画.app */ = {isa = PBXFileReference; explicitFileType = wrapper.application; includeInIndex = 0; path = "转场动画.app"; sourceTree = BUILT_PRODUCTS_DIR; };
		01A2B08C225EE09400DA3C3A /* AppDelegate.h */ = {isa = PBXFileReference; lastKnownFileType = sourcecode.c.h; path = AppDelegate.h; sourceTree = "<group>"; };
		01A2B08D225EE09400DA3C3A /* AppDelegate.m */ = {isa = PBXFileReference; lastKnownFileType = sourcecode.c.objc; path = AppDelegate.m; sourceTree = "<group>"; };
		01A2B093225EE09400DA3C3A /* Base */ = {isa = PBXFileReference; lastKnownFileType = file.storyboard; name = Base; path = Base.lproj/Main.storyboard; sourceTree = "<group>"; };
		01A2B096225EE09400DA3C3A /* ____.xcdatamodel */ = {isa = PBXFileReference; lastKnownFileType = wrapper.xcdatamodel; path = "____.xcdatamodel"; sourceTree = "<group>"; };
		01A2B098225EE09600DA3C3A /* Assets.xcassets */ = {isa = PBXFileReference; lastKnownFileType = folder.assetcatalog; path = Assets.xcassets; sourceTree = "<group>"; };
		01A2B09B225EE09600DA3C3A /* Base */ = {isa = PBXFileReference; lastKnownFileType = file.storyboard; name = Base; path = Base.lproj/LaunchScreen.storyboard; sourceTree = "<group>"; };
		01A2B09D225EE09600DA3C3A /* Info.plist */ = {isa = PBXFileReference; lastKnownFileType = text.plist.xml; path = Info.plist; sourceTree = "<group>"; };
		01A2B09E225EE09600DA3C3A /* main.m */ = {isa = PBXFileReference; lastKnownFileType = sourcecode.c.objc; path = main.m; sourceTree = "<group>"; };
		01A2B0A4225EE09600DA3C3A /* 转场动画Tests.xctest */ = {isa = PBXFileReference; explicitFileType = wrapper.cfbundle; includeInIndex = 0; path = "转场动画Tests.xctest"; sourceTree = BUILT_PRODUCTS_DIR; };
		01A2B0A8225EE09600DA3C3A /* ____Tests.m */ = {isa = PBXFileReference; lastKnownFileType = sourcecode.c.objc; path = "____Tests.m"; sourceTree = "<group>"; };
		01A2B0AA225EE09600DA3C3A /* Info.plist */ = {isa = PBXFileReference; lastKnownFileType = text.plist.xml; path = Info.plist; sourceTree = "<group>"; };
		01A2B0AF225EE09600DA3C3A /* 转场动画UITests.xctest */ = {isa = PBXFileReference; explicitFileType = wrapper.cfbundle; includeInIndex = 0; path = "转场动画UITests.xctest"; sourceTree = BUILT_PRODUCTS_DIR; };
		01A2B0B3225EE09600DA3C3A /* ____UITests.m */ = {isa = PBXFileReference; lastKnownFileType = sourcecode.c.objc; path = "____UITests.m"; sourceTree = "<group>"; };
		01A2B0B5225EE09600DA3C3A /* Info.plist */ = {isa = PBXFileReference; lastKnownFileType = text.plist.xml; path = Info.plist; sourceTree = "<group>"; };
		01A2B0C3225EE22A00DA3C3A /* PresentTransitionAnimator.h */ = {isa = PBXFileReference; lastKnownFileType = sourcecode.c.h; path = PresentTransitionAnimator.h; sourceTree = "<group>"; };
		01A2B0C4225EE22A00DA3C3A /* PresentTransitionAnimator.m */ = {isa = PBXFileReference; lastKnownFileType = sourcecode.c.objc; path = PresentTransitionAnimator.m; sourceTree = "<group>"; };
		01A2B0C6225EE23A00DA3C3A /* PushTransitionAnimator.h */ = {isa = PBXFileReference; lastKnownFileType = sourcecode.c.h; path = PushTransitionAnimator.h; sourceTree = "<group>"; };
		01A2B0C7225EE23A00DA3C3A /* PushTransitionAnimator.m */ = {isa = PBXFileReference; lastKnownFileType = sourcecode.c.objc; path = PushTransitionAnimator.m; sourceTree = "<group>"; };
		01A2B0CE225EE68200DA3C3A /* HomePageViewController.h */ = {isa = PBXFileReference; lastKnownFileType = sourcecode.c.h; path = HomePageViewController.h; sourceTree = "<group>"; };
		01A2B0CF225EE68200DA3C3A /* HomePageViewController.m */ = {isa = PBXFileReference; lastKnownFileType = sourcecode.c.objc; path = HomePageViewController.m; sourceTree = "<group>"; };
		01A2B0D3225EEDB700DA3C3A /* NextViewController.h */ = {isa = PBXFileReference; lastKnownFileType = sourcecode.c.h; path = NextViewController.h; sourceTree = "<group>"; };
		01A2B0D4225EEDB700DA3C3A /* NextViewController.m */ = {isa = PBXFileReference; lastKnownFileType = sourcecode.c.objc; path = NextViewController.m; sourceTree = "<group>"; };
		01A2B0D5225EEDB700DA3C3A /* NextViewController.xib */ = {isa = PBXFileReference; lastKnownFileType = file.xib; path = NextViewController.xib; sourceTree = "<group>"; };
/* End PBXFileReference section */

/* Begin PBXFrameworksBuildPhase section */
		01A2B086225EE09400DA3C3A /* Frameworks */ = {
			isa = PBXFrameworksBuildPhase;
			buildActionMask = 2147483647;
			files = (
			);
			runOnlyForDeploymentPostprocessing = 0;
		};
		01A2B0A1225EE09600DA3C3A /* Frameworks */ = {
			isa = PBXFrameworksBuildPhase;
			buildActionMask = 2147483647;
			files = (
			);
			runOnlyForDeploymentPostprocessing = 0;
		};
		01A2B0AC225EE09600DA3C3A /* Frameworks */ = {
			isa = PBXFrameworksBuildPhase;
			buildActionMask = 2147483647;
			files = (
			);
			runOnlyForDeploymentPostprocessing = 0;
		};
/* End PBXFrameworksBuildPhase section */

/* Begin PBXGroup section */
		01A2B080225EE09400DA3C3A = {
			isa = PBXGroup;
			children = (
				01A2B08B225EE09400DA3C3A /* 转场动画 */,
				01A2B0A7225EE09600DA3C3A /* 转场动画Tests */,
				01A2B0B2225EE09600DA3C3A /* 转场动画UITests */,
				01A2B08A225EE09400DA3C3A /* Products */,
			);
			sourceTree = "<group>";
		};
		01A2B08A225EE09400DA3C3A /* Products */ = {
			isa = PBXGroup;
			children = (
				01A2B089225EE09400DA3C3A /* 转场动画.app */,
				01A2B0A4225EE09600DA3C3A /* 转场动画Tests.xctest */,
				01A2B0AF225EE09600DA3C3A /* 转场动画UITests.xctest */,
			);
			name = Products;
			sourceTree = "<group>";
		};
		01A2B08B225EE09400DA3C3A /* 转场动画 */ = {
			isa = PBXGroup;
			children = (
				01A2B0C2225EE1FD00DA3C3A /* PresentTransitionAnimator */,
				01A2B0C1225EE1F600DA3C3A /* PushTransitionAnimator */,
				01A2B08C225EE09400DA3C3A /* AppDelegate.h */,
				01A2B08D225EE09400DA3C3A /* AppDelegate.m */,
				01A2B0CE225EE68200DA3C3A /* HomePageViewController.h */,
				01A2B0CF225EE68200DA3C3A /* HomePageViewController.m */,
				01A2B0D3225EEDB700DA3C3A /* NextViewController.h */,
				01A2B0D4225EEDB700DA3C3A /* NextViewController.m */,
				01A2B0D5225EEDB700DA3C3A /* NextViewController.xib */,
				01A2B092225EE09400DA3C3A /* Main.storyboard */,
				01A2B098225EE09600DA3C3A /* Assets.xcassets */,
				01A2B09A225EE09600DA3C3A /* LaunchScreen.storyboard */,
				01A2B09D225EE09600DA3C3A /* Info.plist */,
				01A2B09E225EE09600DA3C3A /* main.m */,
				01A2B095225EE09400DA3C3A /* ____.xcdatamodeld */,
			);
			path = "转场动画";
			sourceTree = "<group>";
		};
		01A2B0A7225EE09600DA3C3A /* 转场动画Tests */ = {
			isa = PBXGroup;
			children = (
				01A2B0A8225EE09600DA3C3A /* ____Tests.m */,
				01A2B0AA225EE09600DA3C3A /* Info.plist */,
			);
			path = "转场动画Tests";
			sourceTree = "<group>";
		};
		01A2B0B2225EE09600DA3C3A /* 转场动画UITests */ = {
			isa = PBXGroup;
			children = (
				01A2B0B3225EE09600DA3C3A /* ____UITests.m */,
				01A2B0B5225EE09600DA3C3A /* Info.plist */,
			);
			path = "转场动画UITests";
			sourceTree = "<group>";
		};
		01A2B0C1225EE1F600DA3C3A /* PushTransitionAnimator */ = {
			isa = PBXGroup;
			children = (
				01A2B0C6225EE23A00DA3C3A /* PushTransitionAnimator.h */,
				01A2B0C7225EE23A00DA3C3A /* PushTransitionAnimator.m */,
			);
			path = PushTransitionAnimator;
			sourceTree = "<group>";
		};
		01A2B0C2225EE1FD00DA3C3A /* PresentTransitionAnimator */ = {
			isa = PBXGroup;
			children = (
				01A2B0C3225EE22A00DA3C3A /* PresentTransitionAnimator.h */,
				01A2B0C4225EE22A00DA3C3A /* PresentTransitionAnimator.m */,
			);
			path = PresentTransitionAnimator;
			sourceTree = "<group>";
		};
/* End PBXGroup section */

/* Begin PBXNativeTarget section */
		01A2B088225EE09400DA3C3A /* 转场动画 */ = {
			isa = PBXNativeTarget;
			buildConfigurationList = 01A2B0B8225EE09600DA3C3A /* Build configuration list for PBXNativeTarget "转场动画" */;
			buildPhases = (
				01A2B085225EE09400DA3C3A /* Sources */,
				01A2B086225EE09400DA3C3A /* Frameworks */,
				01A2B087225EE09400DA3C3A /* Resources */,
			);
			buildRules = (
			);
			dependencies = (
			);
			name = "转场动画";
			productName = "转场动画";
			productReference = 01A2B089225EE09400DA3C3A /* 转场动画.app */;
			productType = "com.apple.product-type.application";
		};
		01A2B0A3225EE09600DA3C3A /* 转场动画Tests */ = {
			isa = PBXNativeTarget;
			buildConfigurationList = 01A2B0BB225EE09600DA3C3A /* Build configuration list for PBXNativeTarget "转场动画Tests" */;
			buildPhases = (
				01A2B0A0225EE09600DA3C3A /* Sources */,
				01A2B0A1225EE09600DA3C3A /* Frameworks */,
				01A2B0A2225EE09600DA3C3A /* Resources */,
			);
			buildRules = (
			);
			dependencies = (
				01A2B0A6225EE09600DA3C3A /* PBXTargetDependency */,
			);
			name = "转场动画Tests";
			productName = "转场动画Tests";
			productReference = 01A2B0A4225EE09600DA3C3A /* 转场动画Tests.xctest */;
			productType = "com.apple.product-type.bundle.unit-test";
		};
		01A2B0AE225EE09600DA3C3A /* 转场动画UITests */ = {
			isa = PBXNativeTarget;
			buildConfigurationList = 01A2B0BE225EE09600DA3C3A /* Build configuration list for PBXNativeTarget "转场动画UITests" */;
			buildPhases = (
				01A2B0AB225EE09600DA3C3A /* Sources */,
				01A2B0AC225EE09600DA3C3A /* Frameworks */,
				01A2B0AD225EE09600DA3C3A /* Resources */,
			);
			buildRules = (
			);
			dependencies = (
				01A2B0B1225EE09600DA3C3A /* PBXTargetDependency */,
			);
			name = "转场动画UITests";
			productName = "转场动画UITests";
			productReference = 01A2B0AF225EE09600DA3C3A /* 转场动画UITests.xctest */;
			productType = "com.apple.product-type.bundle.ui-testing";
		};
/* End PBXNativeTarget section */

/* Begin PBXProject section */
		01A2B081225EE09400DA3C3A /* Project object */ = {
			isa = PBXProject;
			attributes = {
				LastUpgradeCheck = 1020;
				ORGANIZATIONNAME = "刘伟";
				TargetAttributes = {
					01A2B088225EE09400DA3C3A = {
						CreatedOnToolsVersion = 10.2;
					};
					01A2B0A3225EE09600DA3C3A = {
						CreatedOnToolsVersion = 10.2;
						TestTargetID = 01A2B088225EE09400DA3C3A;
					};
					01A2B0AE225EE09600DA3C3A = {
						CreatedOnToolsVersion = 10.2;
						TestTargetID = 01A2B088225EE09400DA3C3A;
					};
				};
			};
			buildConfigurationList = 01A2B084225EE09400DA3C3A /* Build configuration list for PBXProject "转场动画" */;
			compatibilityVersion = "Xcode 9.3";
			developmentRegion = en;
			hasScannedForEncodings = 0;
			knownRegions = (
				en,
				Base,
			);
			mainGroup = 01A2B080225EE09400DA3C3A;
			productRefGroup = 01A2B08A225EE09400DA3C3A /* Products */;
			projectDirPath = "";
			projectRoot = "";
			targets = (
				01A2B088225EE09400DA3C3A /* 转场动画 */,
				01A2B0A3225EE09600DA3C3A /* 转场动画Tests */,
				01A2B0AE225EE09600DA3C3A /* 转场动画UITests */,
			);
		};
/* End PBXProject section */

/* Begin PBXResourcesBuildPhase section */
		01A2B087225EE09400DA3C3A /* Resources */ = {
			isa = PBXResourcesBuildPhase;
			buildActionMask = 2147483647;
			files = (
				01A2B09C225EE09600DA3C3A /* LaunchScreen.storyboard in Resources */,
				01A2B0D7225EEDB700DA3C3A /* NextViewController.xib in Resources */,
				01A2B099225EE09600DA3C3A /* Assets.xcassets in Resources */,
				01A2B094225EE09400DA3C3A /* Main.storyboard in Resources */,
			);
			runOnlyForDeploymentPostprocessing = 0;
		};
		01A2B0A2225EE09600DA3C3A /* Resources */ = {
			isa = PBXResourcesBuildPhase;
			buildActionMask = 2147483647;
			files = (
			);
			runOnlyForDeploymentPostprocessing = 0;
		};
		01A2B0AD225EE09600DA3C3A /* Resources */ = {
			isa = PBXResourcesBuildPhase;
			buildActionMask = 2147483647;
			files = (
			);
			runOnlyForDeploymentPostprocessing = 0;
		};
/* End PBXResourcesBuildPhase section */

/* Begin PBXSourcesBuildPhase section */
		01A2B085225EE09400DA3C3A /* Sources */ = {
			isa = PBXSourcesBuildPhase;
			buildActionMask = 2147483647;
			files = (
				01A2B0C8225EE23A00DA3C3A /* PushTransitionAnimator.m in Sources */,
				01A2B097225EE09400DA3C3A /* ____.xcdatamodeld in Sources */,
				01A2B09F225EE09600DA3C3A /* main.m in Sources */,
				01A2B0D1225EE68200DA3C3A /* HomePageViewController.m in Sources */,
				01A2B0D6225EEDB700DA3C3A /* NextViewController.m in Sources */,
				01A2B0C5225EE22A00DA3C3A /* PresentTransitionAnimator.m in Sources */,
				01A2B08E225EE09400DA3C3A /* AppDelegate.m in Sources */,
			);
			runOnlyForDeploymentPostprocessing = 0;
		};
		01A2B0A0225EE09600DA3C3A /* Sources */ = {
			isa = PBXSourcesBuildPhase;
			buildActionMask = 2147483647;
			files = (
				01A2B0A9225EE09600DA3C3A /* ____Tests.m in Sources */,
			);
			runOnlyForDeploymentPostprocessing = 0;
		};
		01A2B0AB225EE09600DA3C3A /* Sources */ = {
			isa = PBXSourcesBuildPhase;
			buildActionMask = 2147483647;
			files = (
				01A2B0B4225EE09600DA3C3A /* ____UITests.m in Sources */,
			);
			runOnlyForDeploymentPostprocessing = 0;
		};
/* End PBXSourcesBuildPhase section */

/* Begin PBXTargetDependency section */
		01A2B0A6225EE09600DA3C3A /* PBXTargetDependency */ = {
			isa = PBXTargetDependency;
			target = 01A2B088225EE09400DA3C3A /* 转场动画 */;
			targetProxy = 01A2B0A5225EE09600DA3C3A /* PBXContainerItemProxy */;
		};
		01A2B0B1225EE09600DA3C3A /* PBXTargetDependency */ = {
			isa = PBXTargetDependency;
			target = 01A2B088225EE09400DA3C3A /* 转场动画 */;
			targetProxy = 01A2B0B0225EE09600DA3C3A /* PBXContainerItemProxy */;
		};
/* End PBXTargetDependency section */

/* Begin PBXVariantGroup section */
		01A2B092225EE09400DA3C3A /* Main.storyboard */ = {
			isa = PBXVariantGroup;
			children = (
				01A2B093225EE09400DA3C3A /* Base */,
			);
			name = Main.storyboard;
			sourceTree = "<group>";
		};
		01A2B09A225EE09600DA3C3A /* LaunchScreen.storyboard */ = {
			isa = PBXVariantGroup;
			children = (
				01A2B09B225EE09600DA3C3A /* Base */,
			);
			name = LaunchScreen.storyboard;
			sourceTree = "<group>";
		};
/* End PBXVariantGroup section */

/* Begin XCBuildConfiguration section */
		01A2B0B6225EE09600DA3C3A /* Debug */ = {
			isa = XCBuildConfiguration;
			buildSettings = {
				ALWAYS_SEARCH_USER_PATHS = NO;
				CLANG_ANALYZER_NONNULL = YES;
				CLANG_ANALYZER_NUMBER_OBJECT_CONVERSION = YES_AGGRESSIVE;
				CLANG_CXX_LANGUAGE_STANDARD = "gnu++14";
				CLANG_CXX_LIBRARY = "libc++";
				CLANG_ENABLE_MODULES = YES;
				CLANG_ENABLE_OBJC_ARC = YES;
				CLANG_ENABLE_OBJC_WEAK = YES;
				CLANG_WARN_BLOCK_CAPTURE_AUTORELEASING = YES;
				CLANG_WARN_BOOL_CONVERSION = YES;
				CLANG_WARN_COMMA = YES;
				CLANG_WARN_CONSTANT_CONVERSION = YES;
				CLANG_WARN_DEPRECATED_OBJC_IMPLEMENTATIONS = YES;
				CLANG_WARN_DIRECT_OBJC_ISA_USAGE = YES_ERROR;
				CLANG_WARN_DOCUMENTATION_COMMENTS = YES;
				CLANG_WARN_EMPTY_BODY = YES;
				CLANG_WARN_ENUM_CONVERSION = YES;
				CLANG_WARN_INFINITE_RECURSION = YES;
				CLANG_WARN_INT_CONVERSION = YES;
				CLANG_WARN_NON_LITERAL_NULL_CONVERSION = YES;
				CLANG_WARN_OBJC_IMPLICIT_RETAIN_SELF = YES;
				CLANG_WARN_OBJC_LITERAL_CONVERSION = YES;
				CLANG_WARN_OBJC_ROOT_CLASS = YES_ERROR;
				CLANG_WARN_RANGE_LOOP_ANALYSIS = YES;
				CLANG_WARN_STRICT_PROTOTYPES = YES;
				CLANG_WARN_SUSPICIOUS_MOVE = YES;
				CLANG_WARN_UNGUARDED_AVAILABILITY = YES_AGGRESSIVE;
				CLANG_WARN_UNREACHABLE_CODE = YES;
				CLANG_WARN__DUPLICATE_METHOD_MATCH = YES;
				CODE_SIGN_IDENTITY = "iPhone Developer";
				COPY_PHASE_STRIP = NO;
				DEBUG_INFORMATION_FORMAT = dwarf;
				ENABLE_STRICT_OBJC_MSGSEND = YES;
				ENABLE_TESTABILITY = YES;
				GCC_C_LANGUAGE_STANDARD = gnu11;
				GCC_DYNAMIC_NO_PIC = NO;
				GCC_NO_COMMON_BLOCKS = YES;
				GCC_OPTIMIZATION_LEVEL = 0;
				GCC_PREPROCESSOR_DEFINITIONS = (
					"DEBUG=1",
					"$(inherited)",
				);
				GCC_WARN_64_TO_32_BIT_CONVERSION = YES;
				GCC_WARN_ABOUT_RETURN_TYPE = YES_ERROR;
				GCC_WARN_UNDECLARED_SELECTOR = YES;
				GCC_WARN_UNINITIALIZED_AUTOS = YES_AGGRESSIVE;
				GCC_WARN_UNUSED_FUNCTION = YES;
				GCC_WARN_UNUSED_VARIABLE = YES;
				IPHONEOS_DEPLOYMENT_TARGET = 12.2;
				MTL_ENABLE_DEBUG_INFO = INCLUDE_SOURCE;
				MTL_FAST_MATH = YES;
				ONLY_ACTIVE_ARCH = YES;
				SDKROOT = iphoneos;
			};
			name = Debug;
		};
		01A2B0B7225EE09600DA3C3A /* Release */ = {
			isa = XCBuildConfiguration;
			buildSettings = {
				ALWAYS_SEARCH_USER_PATHS = NO;
				CLANG_ANALYZER_NONNULL = YES;
				CLANG_ANALYZER_NUMBER_OBJECT_CONVERSION = YES_AGGRESSIVE;
				CLANG_CXX_LANGUAGE_STANDARD = "gnu++14";
				CLANG_CXX_LIBRARY = "libc++";
				CLANG_ENABLE_MODULES = YES;
				CLANG_ENABLE_OBJC_ARC = YES;
				CLANG_ENABLE_OBJC_WEAK = YES;
				CLANG_WARN_BLOCK_CAPTURE_AUTORELEASING = YES;
				CLANG_WARN_BOOL_CONVERSION = YES;
				CLANG_WARN_COMMA = YES;
				CLANG_WARN_CONSTANT_CONVERSION = YES;
				CLANG_WARN_DEPRECATED_OBJC_IMPLEMENTATIONS = YES;
				CLANG_WARN_DIRECT_OBJC_ISA_USAGE = YES_ERROR;
				CLANG_WARN_DOCUMENTATION_COMMENTS = YES;
				CLANG_WARN_EMPTY_BODY = YES;
				CLANG_WARN_ENUM_CONVERSION = YES;
				CLANG_WARN_INFINITE_RECURSION = YES;
				CLANG_WARN_INT_CONVERSION = YES;
				CLANG_WARN_NON_LITERAL_NULL_CONVERSION = YES;
				CLANG_WARN_OBJC_IMPLICIT_RETAIN_SELF = YES;
				CLANG_WARN_OBJC_LITERAL_CONVERSION = YES;
				CLANG_WARN_OBJC_ROOT_CLASS = YES_ERROR;
				CLANG_WARN_RANGE_LOOP_ANALYSIS = YES;
				CLANG_WARN_STRICT_PROTOTYPES = YES;
				CLANG_WARN_SUSPICIOUS_MOVE = YES;
				CLANG_WARN_UNGUARDED_AVAILABILITY = YES_AGGRESSIVE;
				CLANG_WARN_UNREACHABLE_CODE = YES;
				CLANG_WARN__DUPLICATE_METHOD_MATCH = YES;
				CODE_SIGN_IDENTITY = "iPhone Developer";
				COPY_PHASE_STRIP = NO;
				DEBUG_INFORMATION_FORMAT = "dwarf-with-dsym";
				ENABLE_NS_ASSERTIONS = NO;
				ENABLE_STRICT_OBJC_MSGSEND = YES;
				GCC_C_LANGUAGE_STANDARD = gnu11;
				GCC_NO_COMMON_BLOCKS = YES;
				GCC_WARN_64_TO_32_BIT_CONVERSION = YES;
				GCC_WARN_ABOUT_RETURN_TYPE = YES_ERROR;
				GCC_WARN_UNDECLARED_SELECTOR = YES;
				GCC_WARN_UNINITIALIZED_AUTOS = YES_AGGRESSIVE;
				GCC_WARN_UNUSED_FUNCTION = YES;
				GCC_WARN_UNUSED_VARIABLE = YES;
				IPHONEOS_DEPLOYMENT_TARGET = 12.2;
				MTL_ENABLE_DEBUG_INFO = NO;
				MTL_FAST_MATH = YES;
				SDKROOT = iphoneos;
				VALIDATE_PRODUCT = YES;
			};
			name = Release;
		};
		01A2B0B9225EE09600DA3C3A /* Debug */ = {
			isa = XCBuildConfiguration;
			buildSettings = {
				ASSETCATALOG_COMPILER_APPICON_NAME = AppIcon;
				CODE_SIGN_STYLE = Automatic;
				DEVELOPMENT_TEAM = 6QB2544E63;
				INFOPLIST_FILE = "转场动画/Info.plist";
				LD_RUNPATH_SEARCH_PATHS = (
					"$(inherited)",
					"@executable_path/Frameworks",
				);
				PRODUCT_BUNDLE_IDENTIFIER = "onlyhere.----";
				PRODUCT_NAME = "$(TARGET_NAME)";
				TARGETED_DEVICE_FAMILY = "1,2";
			};
			name = Debug;
		};
		01A2B0BA225EE09600DA3C3A /* Release */ = {
			isa = XCBuildConfiguration;
			buildSettings = {
				ASSETCATALOG_COMPILER_APPICON_NAME = AppIcon;
				CODE_SIGN_STYLE = Automatic;
				DEVELOPMENT_TEAM = 6QB2544E63;
				INFOPLIST_FILE = "转场动画/Info.plist";
				LD_RUNPATH_SEARCH_PATHS = (
					"$(inherited)",
					"@executable_path/Frameworks",
				);
				PRODUCT_BUNDLE_IDENTIFIER = "onlyhere.----";
				PRODUCT_NAME = "$(TARGET_NAME)";
				TARGETED_DEVICE_FAMILY = "1,2";
			};
			name = Release;
		};
		01A2B0BC225EE09600DA3C3A /* Debug */ = {
			isa = XCBuildConfiguration;
			buildSettings = {
				BUNDLE_LOADER = "$(TEST_HOST)";
				CODE_SIGN_STYLE = Automatic;
				INFOPLIST_FILE = "转场动画Tests/Info.plist";
				LD_RUNPATH_SEARCH_PATHS = (
					"$(inherited)",
					"@executable_path/Frameworks",
					"@loader_path/Frameworks",
				);
				PRODUCT_BUNDLE_IDENTIFIER = "onlyhere.----Tests";
				PRODUCT_NAME = "$(TARGET_NAME)";
				TARGETED_DEVICE_FAMILY = "1,2";
				TEST_HOST = "$(BUILT_PRODUCTS_DIR)/转场动画.app/转场动画";
			};
			name = Debug;
		};
		01A2B0BD225EE09600DA3C3A /* Release */ = {
			isa = XCBuildConfiguration;
			buildSettings = {
				BUNDLE_LOADER = "$(TEST_HOST)";
				CODE_SIGN_STYLE = Automatic;
				INFOPLIST_FILE = "转场动画Tests/Info.plist";
				LD_RUNPATH_SEARCH_PATHS = (
					"$(inherited)",
					"@executable_path/Frameworks",
					"@loader_path/Frameworks",
				);
				PRODUCT_BUNDLE_IDENTIFIER = "onlyhere.----Tests";
				PRODUCT_NAME = "$(TARGET_NAME)";
				TARGETED_DEVICE_FAMILY = "1,2";
				TEST_HOST = "$(BUILT_PRODUCTS_DIR)/转场动画.app/转场动画";
			};
			name = Release;
		};
		01A2B0BF225EE09600DA3C3A /* Debug */ = {
			isa = XCBuildConfiguration;
			buildSettings = {
				CODE_SIGN_STYLE = Automatic;
				INFOPLIST_FILE = "转场动画UITests/Info.plist";
				LD_RUNPATH_SEARCH_PATHS = (
					"$(inherited)",
					"@executable_path/Frameworks",
					"@loader_path/Frameworks",
				);
				PRODUCT_BUNDLE_IDENTIFIER = "onlyhere.----UITests";
				PRODUCT_NAME = "$(TARGET_NAME)";
				TARGETED_DEVICE_FAMILY = "1,2";
				TEST_TARGET_NAME = "转场动画";
			};
			name = Debug;
		};
		01A2B0C0225EE09600DA3C3A /* Release */ = {
			isa = XCBuildConfiguration;
			buildSettings = {
				CODE_SIGN_STYLE = Automatic;
				INFOPLIST_FILE = "转场动画UITests/Info.plist";
				LD_RUNPATH_SEARCH_PATHS = (
					"$(inherited)",
					"@executable_path/Frameworks",
					"@loader_path/Frameworks",
				);
				PRODUCT_BUNDLE_IDENTIFIER = "onlyhere.----UITests";
				PRODUCT_NAME = "$(TARGET_NAME)";
				TARGETED_DEVICE_FAMILY = "1,2";
				TEST_TARGET_NAME = "转场动画";
			};
			name = Release;
		};
/* End XCBuildConfiguration section */

/* Begin XCConfigurationList section */
		01A2B084225EE09400DA3C3A /* Build configuration list for PBXProject "转场动画" */ = {
			isa = XCConfigurationList;
			buildConfigurations = (
				01A2B0B6225EE09600DA3C3A /* Debug */,
				01A2B0B7225EE09600DA3C3A /* Release */,
			);
			defaultConfigurationIsVisible = 0;
			defaultConfigurationName = Release;
		};
		01A2B0B8225EE09600DA3C3A /* Build configuration list for PBXNativeTarget "转场动画" */ = {
			isa = XCConfigurationList;
			buildConfigurations = (
				01A2B0B9225EE09600DA3C3A /* Debug */,
				01A2B0BA225EE09600DA3C3A /* Release */,
			);
			defaultConfigurationIsVisible = 0;
			defaultConfigurationName = Release;
		};
		01A2B0BB225EE09600DA3C3A /* Build configuration list for PBXNativeTarget "转场动画Tests" */ = {
			isa = XCConfigurationList;
			buildConfigurations = (
				01A2B0BC225EE09600DA3C3A /* Debug */,
				01A2B0BD225EE09600DA3C3A /* Release */,
			);
			defaultConfigurationIsVisible = 0;
			defaultConfigurationName = Release;
		};
		01A2B0BE225EE09600DA3C3A /* Build configuration list for PBXNativeTarget "转场动画UITests" */ = {
			isa = XCConfigurationList;
			buildConfigurations = (
				01A2B0BF225EE09600DA3C3A /* Debug */,
				01A2B0C0225EE09600DA3C3A /* Release */,
			);
			defaultConfigurationIsVisible = 0;
			defaultConfigurationName = Release;
		};
/* End XCConfigurationList section */

/* Begin XCVersionGroup section */
		01A2B095225EE09400DA3C3A /* ____.xcdatamodeld */ = {
			isa = XCVersionGroup;
			children = (
				01A2B096225EE09400DA3C3A /* ____.xcdatamodel */,
			);
			currentVersion = 01A2B096225EE09400DA3C3A /* ____.xcdatamodel */;
			path = "____.xcdatamodeld";
			sourceTree = "<group>";
			versionGroupType = wrapper.xcdatamodel;
		};
/* End XCVersionGroup section */
	};
	rootObject = 01A2B081225EE09400DA3C3A /* Project object */;
}
